// !$*UTF8*$!
{
	archiveVersion = 1;
	classes = {
	};
	objectVersion = 46;
	objects = {

/* Begin PBXBuildFile section */
		04EAA0421956D15700198A8E /* libCrossApp.a in Frameworks */ = {isa = PBXBuildFile; fileRef = 04EAA03F1956D14700198A8E /* libCrossApp.a */; };
		15C64823165F391E007D4F18 /* Cocoa.framework in Frameworks */ = {isa = PBXBuildFile; fileRef = 15C64822165F391E007D4F18 /* Cocoa.framework */; };
		15C64825165F3934007D4F18 /* OpenGL.framework in Frameworks */ = {isa = PBXBuildFile; fileRef = 15C64824165F3934007D4F18 /* OpenGL.framework */; };
		15C64827165F394E007D4F18 /* QuartzCore.framework in Frameworks */ = {isa = PBXBuildFile; fileRef = 15C64826165F394E007D4F18 /* QuartzCore.framework */; };
		15C64829165F396B007D4F18 /* OpenAL.framework in Frameworks */ = {isa = PBXBuildFile; fileRef = 15C64828165F396B007D4F18 /* OpenAL.framework */; };
		15C6482B165F3979007D4F18 /* ApplicationServices.framework in Frameworks */ = {isa = PBXBuildFile; fileRef = 15C6482A165F3979007D4F18 /* ApplicationServices.framework */; };
		15C6482D165F3988007D4F18 /* AudioToolbox.framework in Frameworks */ = {isa = PBXBuildFile; fileRef = 15C6482C165F3988007D4F18 /* AudioToolbox.framework */; };
		15C64833165F3AFD007D4F18 /* Foundation.framework in Frameworks */ = {isa = PBXBuildFile; fileRef = 15C64832165F3AFD007D4F18 /* Foundation.framework */; };
		15D8B23E168318C3006C7997 /* CDAudioManager.m in Sources */ = {isa = PBXBuildFile; fileRef = 15D8B233168318C3006C7997 /* CDAudioManager.m */; };
		15D8B23F168318C3006C7997 /* CDOpenALSupport.m in Sources */ = {isa = PBXBuildFile; fileRef = 15D8B236168318C3006C7997 /* CDOpenALSupport.m */; };
		15D8B240168318C3006C7997 /* CDXMacOSXSupport.mm in Sources */ = {isa = PBXBuildFile; fileRef = 15D8B238168318C3006C7997 /* CDXMacOSXSupport.mm */; };
		15D8B241168318C3006C7997 /* CocosDenshion.m in Sources */ = {isa = PBXBuildFile; fileRef = 15D8B23A168318C3006C7997 /* CocosDenshion.m */; };
		15D8B242168318C3006C7997 /* SimpleAudioEngine.mm in Sources */ = {isa = PBXBuildFile; fileRef = 15D8B23B168318C3006C7997 /* SimpleAudioEngine.mm */; };
		15D8B243168318C3006C7997 /* SimpleAudioEngine_objc.m in Sources */ = {isa = PBXBuildFile; fileRef = 15D8B23D168318C3006C7997 /* SimpleAudioEngine_objc.m */; };
		41BC70E415BF81A5006A0A6C /* AppController.mm in Sources */ = {isa = PBXBuildFile; fileRef = 41BC70DA15BF81A5006A0A6C /* AppController.mm */; };
		41BC70E515BF81A5006A0A6C /* InfoPlist.strings in Resources */ = {isa = PBXBuildFile; fileRef = 41BC70DC15BF81A5006A0A6C /* InfoPlist.strings */; };
		41BC70E615BF81A5006A0A6C /* MainMenu.xib in Resources */ = {isa = PBXBuildFile; fileRef = 41BC70DE15BF81A5006A0A6C /* MainMenu.xib */; };
		41BC70E815BF81A5006A0A6C /* main.m in Sources */ = {isa = PBXBuildFile; fileRef = 41BC70E115BF81A5006A0A6C /* main.m */; };
		480EDE1E1D953A0900C758DA /* libiconv.tbd in Frameworks */ = {isa = PBXBuildFile; fileRef = 480EDE1D1D953A0900C758DA /* libiconv.tbd */; };
		480EDE201D953A2A00C758DA /* Security.framework in Frameworks */ = {isa = PBXBuildFile; fileRef = 480EDE1F1D953A2A00C758DA /* Security.framework */; };
		480EDE221D953A3400C758DA /* VideoToolbox.framework in Frameworks */ = {isa = PBXBuildFile; fileRef = 480EDE211D953A3400C758DA /* VideoToolbox.framework */; };
		480EDE241D953A3F00C758DA /* CoreFoundation.framework in Frameworks */ = {isa = PBXBuildFile; fileRef = 480EDE231D953A3F00C758DA /* CoreFoundation.framework */; };
		480EDE261D953A4E00C758DA /* VideoDecodeAcceleration.framework in Frameworks */ = {isa = PBXBuildFile; fileRef = 480EDE251D953A4E00C758DA /* VideoDecodeAcceleration.framework */; };
		480EDE281D953A5B00C758DA /* CoreVideo.framework in Frameworks */ = {isa = PBXBuildFile; fileRef = 480EDE271D953A5B00C758DA /* CoreVideo.framework */; };
		483B3C1F1E9B7BCC00065B02 /* jsb_websocket.cpp in Sources */ = {isa = PBXBuildFile; fileRef = 483B3C1D1E9B7BCC00065B02 /* jsb_websocket.cpp */; };
		4851EDB31D81717E00863BD1 /* crossapp_specifics.cpp in Sources */ = {isa = PBXBuildFile; fileRef = 4851EDB11D81717E00863BD1 /* crossapp_specifics.cpp */; };
		48D960971D58A15300158611 /* js_crossapp_delegates_manual.cpp in Sources */ = {isa = PBXBuildFile; fileRef = 48D960951D58A15300158611 /* js_crossapp_delegates_manual.cpp */; };
		48D9609C1D58A17000158611 /* source_material in Resources */ = {isa = PBXBuildFile; fileRef = 48D960981D58A17000158611 /* source_material */; };
		48E141061CED674B0029BABC /* js in Resources */ = {isa = PBXBuildFile; fileRef = 48E141051CED674B0029BABC /* js */; };
		48E144341CED67980029BABC /* jsb_crossapp_auto.cpp in Sources */ = {isa = PBXBuildFile; fileRef = 48E1410B1CED67970029BABC /* jsb_crossapp_auto.cpp */; };
		48E144371CED67980029BABC /* js_bindings_core.cpp in Sources */ = {isa = PBXBuildFile; fileRef = 48E141141CED67970029BABC /* js_bindings_core.cpp */; };
		48E144381CED67980029BABC /* js_manual_conversions.cpp in Sources */ = {isa = PBXBuildFile; fileRef = 48E141161CED67970029BABC /* js_manual_conversions.cpp */; };
		48E144391CED67980029BABC /* ScriptingCore.cpp in Sources */ = {isa = PBXBuildFile; fileRef = 48E141181CED67970029BABC /* ScriptingCore.cpp */; };
		48E1445D1CED68760029BABC /* libjs_static.a in Frameworks */ = {isa = PBXBuildFile; fileRef = 48E1445C1CED68760029BABC /* libjs_static.a */; };
		B0621C2F1AC3DCB2005EBCA7 /* AppDelegate.cpp in Sources */ = {isa = PBXBuildFile; fileRef = B0621C281AC3DCB2005EBCA7 /* AppDelegate.cpp */; };
		B09FC0BC1AD3A25F0009C2D7 /* r in Resources */ = {isa = PBXBuildFile; fileRef = B09FC0BB1AD3A25F0009C2D7 /* r */; };
		D62815D71FE9168700E93520 /* script in Resources */ = {isa = PBXBuildFile; fileRef = D62815D61FE9168700E93520 /* script */; };
		D6B1E77C1F204D6200723750 /* AVFoundation.framework in Frameworks */ = {isa = PBXBuildFile; fileRef = D6B1E77B1F204D6200723750 /* AVFoundation.framework */; };
		D6B1E77E1F204D6700723750 /* CoreMedia.framework in Frameworks */ = {isa = PBXBuildFile; fileRef = D6B1E77D1F204D6700723750 /* CoreMedia.framework */; };
		D6C72A461EF29BF00094B191 /* WebKit.framework in Frameworks */ = {isa = PBXBuildFile; fileRef = D6C72A451EF29BF00094B191 /* WebKit.framework */; };
		D6DEE23425FE429500442FDD /* libz.tbd in Frameworks */ = {isa = PBXBuildFile; fileRef = D6DEE23325FE429500442FDD /* libz.tbd */; };
/* End PBXBuildFile section */

/* Begin PBXContainerItemProxy section */
		04EAA03E1956D14700198A8E /* PBXContainerItemProxy */ = {
			isa = PBXContainerItemProxy;
			containerPortal = 04EAA0371956D14600198A8E /* CrossApp.xcodeproj */;
			proxyType = 2;
			remoteGlobalIDString = 1551A33F158F2AB200E66CFE;
			remoteInfo = CrossApp;
		};
		04EAA0401956D15000198A8E /* PBXContainerItemProxy */ = {
			isa = PBXContainerItemProxy;
			containerPortal = 04EAA0371956D14600198A8E /* CrossApp.xcodeproj */;
			proxyType = 1;
			remoteGlobalIDString = 1551A33E158F2AB200E66CFE;
			remoteInfo = CrossApp;
		};
/* End PBXContainerItemProxy section */

/* Begin PBXFileReference section */
		04EAA0371956D14600198A8E /* CrossApp.xcodeproj */ = {isa = PBXFileReference; lastKnownFileType = "wrapper.pb-project"; name = CrossApp.xcodeproj; path = ../../../CrossApp/proj.mac/CrossApp.xcodeproj; sourceTree = "<group>"; };
		15C1580E168315CE00D239F2 /* Export.h */ = {isa = PBXFileReference; fileEncoding = 4; lastKnownFileType = sourcecode.c.h; path = Export.h; sourceTree = "<group>"; };
		15C1580F168315CE00D239F2 /* SimpleAudioEngine.h */ = {isa = PBXFileReference; fileEncoding = 4; lastKnownFileType = sourcecode.c.h; path = SimpleAudioEngine.h; sourceTree = "<group>"; };
		15C64822165F391E007D4F18 /* Cocoa.framework */ = {isa = PBXFileReference; lastKnownFileType = wrapper.framework; name = Cocoa.framework; path = Platforms/MacOSX.platform/Developer/SDKs/MacOSX10.8.sdk/System/Library/Frameworks/Cocoa.framework; sourceTree = DEVELOPER_DIR; };
		15C64824165F3934007D4F18 /* OpenGL.framework */ = {isa = PBXFileReference; lastKnownFileType = wrapper.framework; name = OpenGL.framework; path = Platforms/MacOSX.platform/Developer/SDKs/MacOSX10.8.sdk/System/Library/Frameworks/OpenGL.framework; sourceTree = DEVELOPER_DIR; };
		15C64826165F394E007D4F18 /* QuartzCore.framework */ = {isa = PBXFileReference; lastKnownFileType = wrapper.framework; name = QuartzCore.framework; path = Platforms/MacOSX.platform/Developer/SDKs/MacOSX10.8.sdk/System/Library/Frameworks/QuartzCore.framework; sourceTree = DEVELOPER_DIR; };
		15C64828165F396B007D4F18 /* OpenAL.framework */ = {isa = PBXFileReference; lastKnownFileType = wrapper.framework; name = OpenAL.framework; path = Platforms/MacOSX.platform/Developer/SDKs/MacOSX10.8.sdk/System/Library/Frameworks/OpenAL.framework; sourceTree = DEVELOPER_DIR; };
		15C6482A165F3979007D4F18 /* ApplicationServices.framework */ = {isa = PBXFileReference; lastKnownFileType = wrapper.framework; name = ApplicationServices.framework; path = Platforms/MacOSX.platform/Developer/SDKs/MacOSX10.8.sdk/System/Library/Frameworks/ApplicationServices.framework; sourceTree = DEVELOPER_DIR; };
		15C6482C165F3988007D4F18 /* AudioToolbox.framework */ = {isa = PBXFileReference; lastKnownFileType = wrapper.framework; name = AudioToolbox.framework; path = Platforms/MacOSX.platform/Developer/SDKs/MacOSX10.8.sdk/System/Library/Frameworks/AudioToolbox.framework; sourceTree = DEVELOPER_DIR; };
		15C6482E165F399D007D4F18 /* libz.dylib */ = {isa = PBXFileReference; lastKnownFileType = "compiled.mach-o.dylib"; name = libz.dylib; path = Platforms/MacOSX.platform/Developer/SDKs/MacOSX10.8.sdk/usr/lib/libz.dylib; sourceTree = DEVELOPER_DIR; };
		15C64830165F39AB007D4F18 /* libxml2.dylib */ = {isa = PBXFileReference; lastKnownFileType = "compiled.mach-o.dylib"; name = libxml2.dylib; path = Platforms/MacOSX.platform/Developer/SDKs/MacOSX10.8.sdk/usr/lib/libxml2.dylib; sourceTree = DEVELOPER_DIR; };
		15C64832165F3AFD007D4F18 /* Foundation.framework */ = {isa = PBXFileReference; lastKnownFileType = wrapper.framework; name = Foundation.framework; path = Platforms/MacOSX.platform/Developer/SDKs/MacOSX10.8.sdk/System/Library/Frameworks/Foundation.framework; sourceTree = DEVELOPER_DIR; };
		15C6498616633E65007D4F18 /* libcurl.a */ = {isa = PBXFileReference; lastKnownFileType = archive.ar; name = libcurl.a; path = ../../cocos2dx/platform/third_party/ios/libraries/libcurl.a; sourceTree = "<group>"; };
		15D8B232168318C3006C7997 /* CDAudioManager.h */ = {isa = PBXFileReference; fileEncoding = 4; lastKnownFileType = sourcecode.c.h; path = CDAudioManager.h; sourceTree = "<group>"; };
		15D8B233168318C3006C7997 /* CDAudioManager.m */ = {isa = PBXFileReference; fileEncoding = 4; lastKnownFileType = sourcecode.c.objc; path = CDAudioManager.m; sourceTree = "<group>"; };
		15D8B234168318C3006C7997 /* CDConfig.h */ = {isa = PBXFileReference; fileEncoding = 4; lastKnownFileType = sourcecode.c.h; path = CDConfig.h; sourceTree = "<group>"; };
		15D8B235168318C3006C7997 /* CDOpenALSupport.h */ = {isa = PBXFileReference; fileEncoding = 4; lastKnownFileType = sourcecode.c.h; path = CDOpenALSupport.h; sourceTree = "<group>"; };
		15D8B236168318C3006C7997 /* CDOpenALSupport.m */ = {isa = PBXFileReference; fileEncoding = 4; lastKnownFileType = sourcecode.c.objc; path = CDOpenALSupport.m; sourceTree = "<group>"; };
		15D8B237168318C3006C7997 /* CDXMacOSXSupport.h */ = {isa = PBXFileReference; fileEncoding = 4; lastKnownFileType = sourcecode.c.h; path = CDXMacOSXSupport.h; sourceTree = "<group>"; };
		15D8B238168318C3006C7997 /* CDXMacOSXSupport.mm */ = {isa = PBXFileReference; fileEncoding = 4; lastKnownFileType = sourcecode.cpp.objcpp; path = CDXMacOSXSupport.mm; sourceTree = "<group>"; };
		15D8B239168318C3006C7997 /* CocosDenshion.h */ = {isa = PBXFileReference; fileEncoding = 4; lastKnownFileType = sourcecode.c.h; path = CocosDenshion.h; sourceTree = "<group>"; };
		15D8B23A168318C3006C7997 /* CocosDenshion.m */ = {isa = PBXFileReference; fileEncoding = 4; lastKnownFileType = sourcecode.c.objc; path = CocosDenshion.m; sourceTree = "<group>"; };
		15D8B23B168318C3006C7997 /* SimpleAudioEngine.mm */ = {isa = PBXFileReference; fileEncoding = 4; lastKnownFileType = sourcecode.cpp.objcpp; path = SimpleAudioEngine.mm; sourceTree = "<group>"; };
		15D8B23C168318C3006C7997 /* SimpleAudioEngine_objc.h */ = {isa = PBXFileReference; fileEncoding = 4; lastKnownFileType = sourcecode.c.h; path = SimpleAudioEngine_objc.h; sourceTree = "<group>"; };
		15D8B23D168318C3006C7997 /* SimpleAudioEngine_objc.m */ = {isa = PBXFileReference; fileEncoding = 4; lastKnownFileType = sourcecode.c.objc; path = SimpleAudioEngine_objc.m; sourceTree = "<group>"; };
		1D6058910D05DD3D006BFB54 /* Hello-js.app */ = {isa = PBXFileReference; explicitFileType = wrapper.application; includeInIndex = 0; path = "Hello-js.app"; sourceTree = BUILT_PRODUCTS_DIR; };
		41BC70D915BF81A5006A0A6C /* AppController.h */ = {isa = PBXFileReference; fileEncoding = 4; lastKnownFileType = sourcecode.c.h; path = AppController.h; sourceTree = SOURCE_ROOT; };
		41BC70DA15BF81A5006A0A6C /* AppController.mm */ = {isa = PBXFileReference; fileEncoding = 4; lastKnownFileType = sourcecode.cpp.objcpp; path = AppController.mm; sourceTree = SOURCE_ROOT; };
		41BC70DD15BF81A5006A0A6C /* en */ = {isa = PBXFileReference; lastKnownFileType = text.plist.strings; name = en; path = InfoPlist.strings; sourceTree = "<group>"; };
		41BC70DF15BF81A5006A0A6C /* en */ = {isa = PBXFileReference; lastKnownFileType = file.xib; name = en; path = MainMenu.xib; sourceTree = "<group>"; };
		41BC70E115BF81A5006A0A6C /* main.m */ = {isa = PBXFileReference; fileEncoding = 4; lastKnownFileType = sourcecode.c.objc; path = main.m; sourceTree = SOURCE_ROOT; };
		41BC70E215BF81A5006A0A6C /* Info.plist */ = {isa = PBXFileReference; fileEncoding = 4; lastKnownFileType = text.plist.xml; path = Info.plist; sourceTree = SOURCE_ROOT; };
		41BC70E315BF81A5006A0A6C /* Prefix.pch */ = {isa = PBXFileReference; fileEncoding = 4; lastKnownFileType = sourcecode.c.h; path = Prefix.pch; sourceTree = SOURCE_ROOT; };
		480EDE1D1D953A0900C758DA /* libiconv.tbd */ = {isa = PBXFileReference; lastKnownFileType = "sourcecode.text-based-dylib-definition"; name = libiconv.tbd; path = usr/lib/libiconv.tbd; sourceTree = SDKROOT; };
		480EDE1F1D953A2A00C758DA /* Security.framework */ = {isa = PBXFileReference; lastKnownFileType = wrapper.framework; name = Security.framework; path = System/Library/Frameworks/Security.framework; sourceTree = SDKROOT; };
		480EDE211D953A3400C758DA /* VideoToolbox.framework */ = {isa = PBXFileReference; lastKnownFileType = wrapper.framework; name = VideoToolbox.framework; path = System/Library/Frameworks/VideoToolbox.framework; sourceTree = SDKROOT; };
		480EDE231D953A3F00C758DA /* CoreFoundation.framework */ = {isa = PBXFileReference; lastKnownFileType = wrapper.framework; name = CoreFoundation.framework; path = System/Library/Frameworks/CoreFoundation.framework; sourceTree = SDKROOT; };
		480EDE251D953A4E00C758DA /* VideoDecodeAcceleration.framework */ = {isa = PBXFileReference; lastKnownFileType = wrapper.framework; name = VideoDecodeAcceleration.framework; path = System/Library/Frameworks/VideoDecodeAcceleration.framework; sourceTree = SDKROOT; };
		480EDE271D953A5B00C758DA /* CoreVideo.framework */ = {isa = PBXFileReference; lastKnownFileType = wrapper.framework; name = CoreVideo.framework; path = System/Library/Frameworks/CoreVideo.framework; sourceTree = SDKROOT; };
		480EDE291D953A9B00C758DA /* libbz2.1.0.tbd */ = {isa = PBXFileReference; lastKnownFileType = "sourcecode.text-based-dylib-definition"; name = libbz2.1.0.tbd; path = usr/lib/libbz2.1.0.tbd; sourceTree = SDKROOT; };
		483B3C1D1E9B7BCC00065B02 /* jsb_websocket.cpp */ = {isa = PBXFileReference; fileEncoding = 4; lastKnownFileType = sourcecode.cpp.cpp; path = jsb_websocket.cpp; sourceTree = "<group>"; };
		483B3C1E1E9B7BCC00065B02 /* jsb_websocket.hpp */ = {isa = PBXFileReference; fileEncoding = 4; lastKnownFileType = sourcecode.cpp.h; path = jsb_websocket.hpp; sourceTree = "<group>"; };
		4851EDB11D81717E00863BD1 /* crossapp_specifics.cpp */ = {isa = PBXFileReference; fileEncoding = 4; lastKnownFileType = sourcecode.cpp.cpp; path = crossapp_specifics.cpp; sourceTree = "<group>"; };
		4851EDB21D81717E00863BD1 /* crossapp_specifics.hpp */ = {isa = PBXFileReference; fileEncoding = 4; lastKnownFileType = sourcecode.cpp.h; path = crossapp_specifics.hpp; sourceTree = "<group>"; };
		48D960951D58A15300158611 /* js_crossapp_delegates_manual.cpp */ = {isa = PBXFileReference; fileEncoding = 4; lastKnownFileType = sourcecode.cpp.cpp; path = js_crossapp_delegates_manual.cpp; sourceTree = "<group>"; };
		48D960961D58A15300158611 /* js_crossapp_delegates_manual.hpp */ = {isa = PBXFileReference; fileEncoding = 4; lastKnownFileType = sourcecode.cpp.h; path = js_crossapp_delegates_manual.hpp; sourceTree = "<group>"; };
		48D960981D58A17000158611 /* source_material */ = {isa = PBXFileReference; lastKnownFileType = folder; path = source_material; sourceTree = "<group>"; };
		48E141051CED674B0029BABC /* js */ = {isa = PBXFileReference; lastKnownFileType = folder; path = js; sourceTree = "<group>"; };
		48E1410B1CED67970029BABC /* jsb_crossapp_auto.cpp */ = {isa = PBXFileReference; fileEncoding = 4; lastKnownFileType = sourcecode.cpp.cpp; path = jsb_crossapp_auto.cpp; sourceTree = "<group>"; };
		48E1410C1CED67970029BABC /* jsb_crossapp_auto.hpp */ = {isa = PBXFileReference; fileEncoding = 4; lastKnownFileType = sourcecode.cpp.h; path = jsb_crossapp_auto.hpp; sourceTree = "<group>"; };
		48E141131CED67970029BABC /* js_bindings_config.h */ = {isa = PBXFileReference; fileEncoding = 4; lastKnownFileType = sourcecode.c.h; path = js_bindings_config.h; sourceTree = "<group>"; };
		48E141141CED67970029BABC /* js_bindings_core.cpp */ = {isa = PBXFileReference; fileEncoding = 4; lastKnownFileType = sourcecode.cpp.cpp; path = js_bindings_core.cpp; sourceTree = "<group>"; };
		48E141151CED67970029BABC /* js_bindings_core.h */ = {isa = PBXFileReference; fileEncoding = 4; lastKnownFileType = sourcecode.c.h; path = js_bindings_core.h; sourceTree = "<group>"; };
		48E141161CED67970029BABC /* js_manual_conversions.cpp */ = {isa = PBXFileReference; fileEncoding = 4; lastKnownFileType = sourcecode.cpp.cpp; path = js_manual_conversions.cpp; sourceTree = "<group>"; };
		48E141171CED67970029BABC /* js_manual_conversions.h */ = {isa = PBXFileReference; fileEncoding = 4; lastKnownFileType = sourcecode.c.h; path = js_manual_conversions.h; sourceTree = "<group>"; };
		48E141181CED67970029BABC /* ScriptingCore.cpp */ = {isa = PBXFileReference; fileEncoding = 4; lastKnownFileType = sourcecode.cpp.cpp; path = ScriptingCore.cpp; sourceTree = "<group>"; };
		48E141191CED67970029BABC /* ScriptingCore.h */ = {isa = PBXFileReference; fileEncoding = 4; lastKnownFileType = sourcecode.c.h; path = ScriptingCore.h; sourceTree = "<group>"; };
		48E1411A1CED67970029BABC /* spidermonkey_specifics.h */ = {isa = PBXFileReference; fileEncoding = 4; lastKnownFileType = sourcecode.c.h; path = spidermonkey_specifics.h; sourceTree = "<group>"; };
		48E1445C1CED68760029BABC /* libjs_static.a */ = {isa = PBXFileReference; lastKnownFileType = archive.ar; name = libjs_static.a; path = "../../../scripting/js-bindings/spidermonkey/prebuilt/mac/libjs_static.a"; sourceTree = "<group>"; };
		B0621A561AC3A2FB005EBCA7 /* libcurl.dylib */ = {isa = PBXFileReference; lastKnownFileType = "compiled.mach-o.dylib"; name = libcurl.dylib; path = usr/lib/libcurl.dylib; sourceTree = SDKROOT; };
		B0621C281AC3DCB2005EBCA7 /* AppDelegate.cpp */ = {isa = PBXFileReference; fileEncoding = 4; lastKnownFileType = sourcecode.cpp.cpp; name = AppDelegate.cpp; path = ../Classes/AppDelegate.cpp; sourceTree = "<group>"; };
		B0621C291AC3DCB2005EBCA7 /* AppDelegate.h */ = {isa = PBXFileReference; fileEncoding = 4; lastKnownFileType = sourcecode.c.h; name = AppDelegate.h; path = ../Classes/AppDelegate.h; sourceTree = "<group>"; };
		B09FC0BB1AD3A25F0009C2D7 /* r */ = {isa = PBXFileReference; lastKnownFileType = folder; path = r; sourceTree = "<group>"; };
		D62815D61FE9168700E93520 /* script */ = {isa = PBXFileReference; lastKnownFileType = folder; path = script; sourceTree = "<group>"; };
		D6B1E77B1F204D6200723750 /* AVFoundation.framework */ = {isa = PBXFileReference; lastKnownFileType = wrapper.framework; name = AVFoundation.framework; path = System/Library/Frameworks/AVFoundation.framework; sourceTree = SDKROOT; };
		D6B1E77D1F204D6700723750 /* CoreMedia.framework */ = {isa = PBXFileReference; lastKnownFileType = wrapper.framework; name = CoreMedia.framework; path = System/Library/Frameworks/CoreMedia.framework; sourceTree = SDKROOT; };
		D6C72A451EF29BF00094B191 /* WebKit.framework */ = {isa = PBXFileReference; lastKnownFileType = wrapper.framework; name = WebKit.framework; path = System/Library/Frameworks/WebKit.framework; sourceTree = SDKROOT; };
		D6DEE23325FE429500442FDD /* libz.tbd */ = {isa = PBXFileReference; lastKnownFileType = "sourcecode.text-based-dylib-definition"; name = libz.tbd; path = usr/lib/libz.tbd; sourceTree = SDKROOT; };
		D6DEE23625FE42D300442FDD /* libcurl.tbd */ = {isa = PBXFileReference; lastKnownFileType = "sourcecode.text-based-dylib-definition"; name = libcurl.tbd; path = usr/lib/libcurl.tbd; sourceTree = SDKROOT; };
		D6DEE23B25FE42E700442FDD /* libxml2.tbd */ = {isa = PBXFileReference; lastKnownFileType = "sourcecode.text-based-dylib-definition"; name = libxml2.tbd; path = usr/lib/libxml2.tbd; sourceTree = SDKROOT; };
/* End PBXFileReference section */

/* Begin PBXFrameworksBuildPhase section */
		1D60588F0D05DD3D006BFB54 /* Frameworks */ = {
			isa = PBXFrameworksBuildPhase;
			buildActionMask = 2147483647;
			files = (
				D6B1E77E1F204D6700723750 /* CoreMedia.framework in Frameworks */,
				D6B1E77C1F204D6200723750 /* AVFoundation.framework in Frameworks */,
				D6C72A461EF29BF00094B191 /* WebKit.framework in Frameworks */,
				480EDE221D953A3400C758DA /* VideoToolbox.framework in Frameworks */,
				480EDE201D953A2A00C758DA /* Security.framework in Frameworks */,
				15C64833165F3AFD007D4F18 /* Foundation.framework in Frameworks */,
				15C6482D165F3988007D4F18 /* AudioToolbox.framework in Frameworks */,
				15C6482B165F3979007D4F18 /* ApplicationServices.framework in Frameworks */,
				15C64829165F396B007D4F18 /* OpenAL.framework in Frameworks */,
				15C64827165F394E007D4F18 /* QuartzCore.framework in Frameworks */,
				15C64825165F3934007D4F18 /* OpenGL.framework in Frameworks */,
				15C64823165F391E007D4F18 /* Cocoa.framework in Frameworks */,
				480EDE241D953A3F00C758DA /* CoreFoundation.framework in Frameworks */,
				480EDE261D953A4E00C758DA /* VideoDecodeAcceleration.framework in Frameworks */,
				480EDE281D953A5B00C758DA /* CoreVideo.framework in Frameworks */,
				480EDE1E1D953A0900C758DA /* libiconv.tbd in Frameworks */,
				D6DEE23425FE429500442FDD /* libz.tbd in Frameworks */,
				04EAA0421956D15700198A8E /* libCrossApp.a in Frameworks */,
				48E1445D1CED68760029BABC /* libjs_static.a in Frameworks */,
			);
			runOnlyForDeploymentPostprocessing = 0;
		};
/* End PBXFrameworksBuildPhase section */

/* Begin PBXGroup section */
		04EAA0381956D14600198A8E /* Products */ = {
			isa = PBXGroup;
			children = (
				04EAA03F1956D14700198A8E /* libCrossApp.a */,
			);
			name = Products;
			sourceTree = "<group>";
		};
		15AA9C4015B7EC450033D6C2 /* Classes */ = {
			isa = PBXGroup;
			children = (
				B0621C281AC3DCB2005EBCA7 /* AppDelegate.cpp */,
				B0621C291AC3DCB2005EBCA7 /* AppDelegate.h */,
			);
			name = Classes;
			path = ../classes;
			sourceTree = "<group>";
		};
		15C157F7168315CE00D239F2 /* CocosDenshion */ = {
			isa = PBXGroup;
			children = (
				15D8B231168318C3006C7997 /* mac */,
				15C1580D168315CE00D239F2 /* include */,
			);
			name = CocosDenshion;
			path = ../../../CocosDenshion;
			sourceTree = "<group>";
		};
		15C1580D168315CE00D239F2 /* include */ = {
			isa = PBXGroup;
			children = (
				15C1580E168315CE00D239F2 /* Export.h */,
				15C1580F168315CE00D239F2 /* SimpleAudioEngine.h */,
			);
			path = include;
			sourceTree = "<group>";
		};
		15D8B231168318C3006C7997 /* mac */ = {
			isa = PBXGroup;
			children = (
				15D8B232168318C3006C7997 /* CDAudioManager.h */,
				15D8B233168318C3006C7997 /* CDAudioManager.m */,
				15D8B234168318C3006C7997 /* CDConfig.h */,
				15D8B235168318C3006C7997 /* CDOpenALSupport.h */,
				15D8B236168318C3006C7997 /* CDOpenALSupport.m */,
				15D8B237168318C3006C7997 /* CDXMacOSXSupport.h */,
				15D8B238168318C3006C7997 /* CDXMacOSXSupport.mm */,
				15D8B239168318C3006C7997 /* CocosDenshion.h */,
				15D8B23A168318C3006C7997 /* CocosDenshion.m */,
				15D8B23B168318C3006C7997 /* SimpleAudioEngine.mm */,
				15D8B23C168318C3006C7997 /* SimpleAudioEngine_objc.h */,
				15D8B23D168318C3006C7997 /* SimpleAudioEngine_objc.m */,
			);
			path = mac;
			sourceTree = "<group>";
		};
		19C28FACFE9D520D11CA2CBB /* Products */ = {
			isa = PBXGroup;
			children = (
				1D6058910D05DD3D006BFB54 /* Hello-js.app */,
			);
			name = Products;
			sourceTree = "<group>";
		};
		29B97314FDCFA39411CA2CEA /* CustomTemplate */ = {
			isa = PBXGroup;
			children = (
				48E141091CED67970029BABC /* js-bindings */,
				04EAA0371956D14600198A8E /* CrossApp.xcodeproj */,
				15C157F7168315CE00D239F2 /* CocosDenshion */,
				29B97323FDCFA39411CA2CEA /* Frameworks */,
				15AA9C4015B7EC450033D6C2 /* Classes */,
				41BC70D815BF818D006A0A6C /* mac */,
				19C28FACFE9D520D11CA2CBB /* Products */,
				B04C0BBA19011F33009854FD /* Resources */,
			);
			name = CustomTemplate;
			sourceTree = "<group>";
		};
		29B97323FDCFA39411CA2CEA /* Frameworks */ = {
			isa = PBXGroup;
			children = (
				D6DEE23B25FE42E700442FDD /* libxml2.tbd */,
				D6DEE23625FE42D300442FDD /* libcurl.tbd */,
				D6DEE23325FE429500442FDD /* libz.tbd */,
				D6B1E77D1F204D6700723750 /* CoreMedia.framework */,
				D6B1E77B1F204D6200723750 /* AVFoundation.framework */,
				D6C72A451EF29BF00094B191 /* WebKit.framework */,
				480EDE291D953A9B00C758DA /* libbz2.1.0.tbd */,
				480EDE271D953A5B00C758DA /* CoreVideo.framework */,
				480EDE251D953A4E00C758DA /* VideoDecodeAcceleration.framework */,
				480EDE231D953A3F00C758DA /* CoreFoundation.framework */,
				480EDE211D953A3400C758DA /* VideoToolbox.framework */,
				480EDE1F1D953A2A00C758DA /* Security.framework */,
				480EDE1D1D953A0900C758DA /* libiconv.tbd */,
				48E1445C1CED68760029BABC /* libjs_static.a */,
				B0621A561AC3A2FB005EBCA7 /* libcurl.dylib */,
				15C6498616633E65007D4F18 /* libcurl.a */,
				15C64830165F39AB007D4F18 /* libxml2.dylib */,
				15C6482E165F399D007D4F18 /* libz.dylib */,
				15C6482C165F3988007D4F18 /* AudioToolbox.framework */,
				15C6482A165F3979007D4F18 /* ApplicationServices.framework */,
				15C64828165F396B007D4F18 /* OpenAL.framework */,
				15C64826165F394E007D4F18 /* QuartzCore.framework */,
				15C64824165F3934007D4F18 /* OpenGL.framework */,
				15C64822165F391E007D4F18 /* Cocoa.framework */,
				15C64832165F3AFD007D4F18 /* Foundation.framework */,
			);
			name = Frameworks;
			sourceTree = "<group>";
		};
		41BC70D815BF818D006A0A6C /* mac */ = {
			isa = PBXGroup;
			children = (
				41BC70D915BF81A5006A0A6C /* AppController.h */,
				41BC70DA15BF81A5006A0A6C /* AppController.mm */,
				41BC70DB15BF81A5006A0A6C /* en.lproj */,
				41BC70E115BF81A5006A0A6C /* main.m */,
				41BC70E215BF81A5006A0A6C /* Info.plist */,
				41BC70E315BF81A5006A0A6C /* Prefix.pch */,
			);
			name = mac;
			path = ../Resources;
			sourceTree = "<group>";
		};
		41BC70DB15BF81A5006A0A6C /* en.lproj */ = {
			isa = PBXGroup;
			children = (
				41BC70DC15BF81A5006A0A6C /* InfoPlist.strings */,
				41BC70DE15BF81A5006A0A6C /* MainMenu.xib */,
			);
			path = en.lproj;
			sourceTree = SOURCE_ROOT;
		};
		48E141091CED67970029BABC /* js-bindings */ = {
			isa = PBXGroup;
			children = (
				48E1410A1CED67970029BABC /* auto */,
				48E1410D1CED67970029BABC /* manual */,
			);
			name = "js-bindings";
			path = "../../../scripting/js-bindings";
			sourceTree = "<group>";
		};
		48E1410A1CED67970029BABC /* auto */ = {
			isa = PBXGroup;
			children = (
				48E1410B1CED67970029BABC /* jsb_crossapp_auto.cpp */,
				48E1410C1CED67970029BABC /* jsb_crossapp_auto.hpp */,
			);
			path = auto;
			sourceTree = "<group>";
		};
		48E1410D1CED67970029BABC /* manual */ = {
			isa = PBXGroup;
			children = (
				4851EDB11D81717E00863BD1 /* crossapp_specifics.cpp */,
				4851EDB21D81717E00863BD1 /* crossapp_specifics.hpp */,
				48D960951D58A15300158611 /* js_crossapp_delegates_manual.cpp */,
				48D960961D58A15300158611 /* js_crossapp_delegates_manual.hpp */,
				48E141101CED67970029BABC /* component */,
				48E141131CED67970029BABC /* js_bindings_config.h */,
				48E141141CED67970029BABC /* js_bindings_core.cpp */,
				48E141151CED67970029BABC /* js_bindings_core.h */,
				48E141161CED67970029BABC /* js_manual_conversions.cpp */,
				48E141171CED67970029BABC /* js_manual_conversions.h */,
				48E141181CED67970029BABC /* ScriptingCore.cpp */,
				48E141191CED67970029BABC /* ScriptingCore.h */,
				48E1411A1CED67970029BABC /* spidermonkey_specifics.h */,
				483B3C1D1E9B7BCC00065B02 /* jsb_websocket.cpp */,
				483B3C1E1E9B7BCC00065B02 /* jsb_websocket.hpp */,
			);
			path = manual;
			sourceTree = "<group>";
		};
		48E141101CED67970029BABC /* component */ = {
			isa = PBXGroup;
			children = (
			);
			path = component;
			sourceTree = "<group>";
		};
		B04C0BBA19011F33009854FD /* Resources */ = {
			isa = PBXGroup;
			children = (
				D62815D61FE9168700E93520 /* script */,
				48D960981D58A17000158611 /* source_material */,
				48E141051CED674B0029BABC /* js */,
				B09FC0BB1AD3A25F0009C2D7 /* r */,
			);
			name = Resources;
			path = ../Resources;
			sourceTree = "<group>";
		};
/* End PBXGroup section */

/* Begin PBXNativeTarget section */
		1D6058900D05DD3D006BFB54 /* Hello-js */ = {
			isa = PBXNativeTarget;
			buildConfigurationList = 1D6058960D05DD3E006BFB54 /* Build configuration list for PBXNativeTarget "Hello-js" */;
			buildPhases = (
				1D60588D0D05DD3D006BFB54 /* Resources */,
				1D60588E0D05DD3D006BFB54 /* Sources */,
				1D60588F0D05DD3D006BFB54 /* Frameworks */,
			);
			buildRules = (
			);
			dependencies = (
				04EAA0411956D15000198A8E /* PBXTargetDependency */,
			);
			name = "Hello-js";
			productName = iphone;
			productReference = 1D6058910D05DD3D006BFB54 /* Hello-js.app */;
			productType = "com.apple.product-type.application";
		};
/* End PBXNativeTarget section */

/* Begin PBXProject section */
		29B97313FDCFA39411CA2CEA /* Project object */ = {
			isa = PBXProject;
			attributes = {
				LastUpgradeCheck = 0430;
			};
			buildConfigurationList = C01FCF4E08A954540054247B /* Build configuration list for PBXProject "Hello-js" */;
			compatibilityVersion = "Xcode 3.2";
			developmentRegion = English;
			hasScannedForEncodings = 1;
			knownRegions = (
				English,
				Japanese,
				French,
				German,
				en,
			);
			mainGroup = 29B97314FDCFA39411CA2CEA /* CustomTemplate */;
			projectDirPath = "";
			projectReferences = (
				{
					ProductGroup = 04EAA0381956D14600198A8E /* Products */;
					ProjectRef = 04EAA0371956D14600198A8E /* CrossApp.xcodeproj */;
				},
			);
			projectRoot = "";
			targets = (
				1D6058900D05DD3D006BFB54 /* Hello-js */,
			);
		};
/* End PBXProject section */

/* Begin PBXReferenceProxy section */
		04EAA03F1956D14700198A8E /* libCrossApp.a */ = {
			isa = PBXReferenceProxy;
			fileType = archive.ar;
			path = libCrossApp.a;
			remoteRef = 04EAA03E1956D14700198A8E /* PBXContainerItemProxy */;
			sourceTree = BUILT_PRODUCTS_DIR;
		};
/* End PBXReferenceProxy section */

/* Begin PBXResourcesBuildPhase section */
		1D60588D0D05DD3D006BFB54 /* Resources */ = {
			isa = PBXResourcesBuildPhase;
			buildActionMask = 2147483647;
			files = (
				41BC70E515BF81A5006A0A6C /* InfoPlist.strings in Resources */,
				48D9609C1D58A17000158611 /* source_material in Resources */,
				48E141061CED674B0029BABC /* js in Resources */,
				D62815D71FE9168700E93520 /* script in Resources */,
				41BC70E615BF81A5006A0A6C /* MainMenu.xib in Resources */,
				B09FC0BC1AD3A25F0009C2D7 /* r in Resources */,
			);
			runOnlyForDeploymentPostprocessing = 0;
		};
/* End PBXResourcesBuildPhase section */

/* Begin PBXSourcesBuildPhase section */
		1D60588E0D05DD3D006BFB54 /* Sources */ = {
			isa = PBXSourcesBuildPhase;
			buildActionMask = 2147483647;
			files = (
				48E144341CED67980029BABC /* jsb_crossapp_auto.cpp in Sources */,
				41BC70E415BF81A5006A0A6C /* AppController.mm in Sources */,
				B0621C2F1AC3DCB2005EBCA7 /* AppDelegate.cpp in Sources */,
				41BC70E815BF81A5006A0A6C /* main.m in Sources */,
				48E144391CED67980029BABC /* ScriptingCore.cpp in Sources */,
				483B3C1F1E9B7BCC00065B02 /* jsb_websocket.cpp in Sources */,
				15D8B23E168318C3006C7997 /* CDAudioManager.m in Sources */,
				15D8B23F168318C3006C7997 /* CDOpenALSupport.m in Sources */,
				48E144381CED67980029BABC /* js_manual_conversions.cpp in Sources */,
				15D8B240168318C3006C7997 /* CDXMacOSXSupport.mm in Sources */,
				15D8B241168318C3006C7997 /* CocosDenshion.m in Sources */,
				4851EDB31D81717E00863BD1 /* crossapp_specifics.cpp in Sources */,
				48E144371CED67980029BABC /* js_bindings_core.cpp in Sources */,
				15D8B242168318C3006C7997 /* SimpleAudioEngine.mm in Sources */,
				15D8B243168318C3006C7997 /* SimpleAudioEngine_objc.m in Sources */,
				48D960971D58A15300158611 /* js_crossapp_delegates_manual.cpp in Sources */,
			);
			runOnlyForDeploymentPostprocessing = 0;
		};
/* End PBXSourcesBuildPhase section */

/* Begin PBXTargetDependency section */
		04EAA0411956D15000198A8E /* PBXTargetDependency */ = {
			isa = PBXTargetDependency;
			name = CrossApp;
			targetProxy = 04EAA0401956D15000198A8E /* PBXContainerItemProxy */;
		};
/* End PBXTargetDependency section */

/* Begin PBXVariantGroup section */
		41BC70DC15BF81A5006A0A6C /* InfoPlist.strings */ = {
			isa = PBXVariantGroup;
			children = (
				41BC70DD15BF81A5006A0A6C /* en */,
			);
			name = InfoPlist.strings;
			sourceTree = "<group>";
		};
		41BC70DE15BF81A5006A0A6C /* MainMenu.xib */ = {
			isa = PBXVariantGroup;
			children = (
				41BC70DF15BF81A5006A0A6C /* en */,
			);
			name = MainMenu.xib;
			sourceTree = "<group>";
		};
/* End PBXVariantGroup section */

/* Begin XCBuildConfiguration section */
		1D6058940D05DD3E006BFB54 /* Debug */ = {
			isa = XCBuildConfiguration;
			buildSettings = {
				ALWAYS_SEARCH_USER_PATHS = NO;
				ARCHS = "$(ARCHS_STANDARD)";
				CLANG_CXX_LANGUAGE_STANDARD = "c++0x";
				CLANG_CXX_LIBRARY = "libc++";
				CODE_SIGN_IDENTITY = "";
				"CODE_SIGN_IDENTITY[sdk=iphoneos*]" = "";
				COPY_PHASE_STRIP = NO;
				GCC_DYNAMIC_NO_PIC = NO;
				GCC_INLINES_ARE_PRIVATE_EXTERN = NO;
				GCC_OPTIMIZATION_LEVEL = 0;
				GCC_PRECOMPILE_PREFIX_HEADER = YES;
				GCC_PREFIX_HEADER = Prefix.pch;
				GCC_PREPROCESSOR_DEFINITIONS = (
					USE_FILE32API,
					CC_TARGET_OS_MAC,
					"CROSSAPP_DEBUG=0",
					CC_ENABLE_CHIPMUNK_INTEGRATION,
				);
				GCC_SYMBOLS_PRIVATE_EXTERN = NO;
				GCC_VERSION = "";
				HEADER_SEARCH_PATHS = (
					"$(SRCROOT)/../../../CocosDenshion/include",
					"\"$(SRCROOT)/../../../CrossApp\"",
					"\"$(SRCROOT)/../../../CrossApp/platform/mac\"",
					"\"$(SRCROOT)/../../../Classes\"",
					"\"$(SRCROOT)/../../../CrossApp/the_third_party/freetype/include/\"",
					"\"$(SRCROOT)/../../../CrossApp/the_third_party/png/include/mac/\"",
					"\"$(SRCROOT)/../../../CrossApp/the_third_party/jpeg/include/mac/\"",
					"\"$(SRCROOT)/../../../CrossApp/the_third_party/tiff/include/mac/\"",
					"\"$(SRCROOT)/../../../CrossApp/the_third_party/webp/include/mac/\"",
				);
				INFOPLIST_FILE = Info.plist;
				LIBRARY_SEARCH_PATHS = "\"$(SRCROOT)/../../../scripting/js-bindings/spidermonkey/prebuilt/mac\"";
				MACOSX_DEPLOYMENT_TARGET = 10.12;
				OTHER_CFLAGS = "-O2";
				PRODUCT_BUNDLE_IDENTIFIER = org.CrossApp.hellojs;
				PRODUCT_NAME = "Hello-js";
				SDKROOT = macosx;
				USER_HEADER_SEARCH_PATHS = "\"$(SRCROOT)/../../../scripting/js-bindings/spidermonkey/include/mac";
				VALID_ARCHS = "i386 x86_64";
			};
			name = Debug;
		};
		1D6058950D05DD3E006BFB54 /* Release */ = {
			isa = XCBuildConfiguration;
			buildSettings = {
				ALWAYS_SEARCH_USER_PATHS = NO;
				ARCHS = "$(ARCHS_STANDARD)";
				CLANG_CXX_LANGUAGE_STANDARD = "c++0x";
				CLANG_CXX_LIBRARY = "libc++";
				CODE_SIGN_IDENTITY = "";
				"CODE_SIGN_IDENTITY[sdk=iphoneos*]" = "";
				COPY_PHASE_STRIP = YES;
				GCC_INLINES_ARE_PRIVATE_EXTERN = NO;
				GCC_OPTIMIZATION_LEVEL = 0;
				GCC_PRECOMPILE_PREFIX_HEADER = YES;
				GCC_PREFIX_HEADER = Prefix.pch;
				GCC_PREPROCESSOR_DEFINITIONS = (
					CC_TARGET_OS_MAC,
					USE_FILE32API,
					CC_ENABLE_CHIPMUNK_INTEGRATION,
				);
				GCC_SYMBOLS_PRIVATE_EXTERN = NO;
				GCC_VERSION = "";
				HEADER_SEARCH_PATHS = (
					"$(SRCROOT)/../../../CocosDenshion/include",
					"\"$(SRCROOT)/../../../CrossApp\"",
					"\"$(SRCROOT)/../../../CrossApp/platform/mac\"",
					"\"$(SRCROOT)/../../../Classes\"",
					"\"$(SRCROOT)/../../../CrossApp/the_third_party/freetype/include/\"",
					"\"$(SRCROOT)/../../../CrossApp/the_third_party/png/include/mac/\"",
					"\"$(SRCROOT)/../../../CrossApp/the_third_party/jpeg/include/mac/\"",
					"\"$(SRCROOT)/../../../CrossApp/the_third_party/tiff/include/mac/\"",
					"\"$(SRCROOT)/../../../CrossApp/the_third_party/webp/include/mac/\"",
				);
				INFOPLIST_FILE = Info.plist;
				LIBRARY_SEARCH_PATHS = "\"$(SRCROOT)/../../../scripting/js-bindings/spidermonkey/prebuilt/mac\"";
				MACOSX_DEPLOYMENT_TARGET = 10.12;
				PRODUCT_BUNDLE_IDENTIFIER = org.CrossApp.hellojs;
				PRODUCT_NAME = "Hello-js";
				SDKROOT = macosx;
				USER_HEADER_SEARCH_PATHS = "\"$(SRCROOT)/../../../scripting/js-bindings/spidermonkey/include/mac";
				VALIDATE_PRODUCT = YES;
				VALID_ARCHS = "i386 x86_64";
			};
			name = Release;
		};
		C01FCF4F08A954540054247B /* Debug */ = {
			isa = XCBuildConfiguration;
			buildSettings = {
				ARCHS = "$(ARCHS_STANDARD)";
				CLANG_CXX_LANGUAGE_STANDARD = "c++0x";
				CLANG_CXX_LIBRARY = "libc++";
				GCC_C_LANGUAGE_STANDARD = c99;
				GCC_VERSION = "";
				GCC_WARN_ABOUT_RETURN_TYPE = YES;
				GCC_WARN_UNUSED_VARIABLE = YES;
				SDKROOT = macosx;
				VALID_ARCHS = "x86_64 i386";
			};
			name = Debug;
		};
		C01FCF5008A954540054247B /* Release */ = {
			isa = XCBuildConfiguration;
			buildSettings = {
				ARCHS = "$(ARCHS_STANDARD)";
				CLANG_CXX_LANGUAGE_STANDARD = "c++0x";
				CLANG_CXX_LIBRARY = "libc++";
				GCC_C_LANGUAGE_STANDARD = c99;
				GCC_VERSION = "";
				GCC_WARN_ABOUT_RETURN_TYPE = YES;
				GCC_WARN_UNUSED_VARIABLE = YES;
				OTHER_CFLAGS = "-DNS_BLOCK_ASSERTIONS=1";
				SDKROOT = macosx;
				VALID_ARCHS = "x86_64 i386";
			};
			name = Release;
		};
/* End XCBuildConfiguration section */

/* Begin XCConfigurationList section */
		1D6058960D05DD3E006BFB54 /* Build configuration list for PBXNativeTarget "Hello-js" */ = {
			isa = XCConfigurationList;
			buildConfigurations = (
				1D6058940D05DD3E006BFB54 /* Debug */,
				1D6058950D05DD3E006BFB54 /* Release */,
			);
			defaultConfigurationIsVisible = 0;
			defaultConfigurationName = Debug;
		};
		C01FCF4E08A954540054247B /* Build configuration list for PBXProject "Hello-js" */ = {
			isa = XCConfigurationList;
			buildConfigurations = (
				C01FCF4F08A954540054247B /* Debug */,
				C01FCF5008A954540054247B /* Release */,
			);
			defaultConfigurationIsVisible = 0;
			defaultConfigurationName = Debug;
		};
/* End XCConfigurationList section */
	};
	rootObject = 29B97313FDCFA39411CA2CEA /* Project object */;
}
