// !$*UTF8*$!
{
	archiveVersion = 1;
	classes = {
	};
	objectVersion = 46;
	objects = {

/* Begin PBXBuildFile section */
		04EAA0421956D15700198A8E /* libCrossApp.a in Frameworks */ = {isa = PBXBuildFile; fileRef = 04EAA03F1956D14700198A8E /* libCrossApp.a */; };
		15C15946168315E500D239F2 /* HttpClient.cpp in Sources */ = {isa = PBXBuildFile; fileRef = 15C15904168315E500D239F2 /* HttpClient.cpp */; };
		15C64823165F391E007D4F18 /* Cocoa.framework in Frameworks */ = {isa = PBXBuildFile; fileRef = 15C64822165F391E007D4F18 /* Cocoa.framework */; };
		15C64825165F3934007D4F18 /* OpenGL.framework in Frameworks */ = {isa = PBXBuildFile; fileRef = 15C64824165F3934007D4F18 /* OpenGL.framework */; };
		15C64827165F394E007D4F18 /* QuartzCore.framework in Frameworks */ = {isa = PBXBuildFile; fileRef = 15C64826165F394E007D4F18 /* QuartzCore.framework */; };
		15C64829165F396B007D4F18 /* OpenAL.framework in Frameworks */ = {isa = PBXBuildFile; fileRef = 15C64828165F396B007D4F18 /* OpenAL.framework */; };
		15C6482B165F3979007D4F18 /* ApplicationServices.framework in Frameworks */ = {isa = PBXBuildFile; fileRef = 15C6482A165F3979007D4F18 /* ApplicationServices.framework */; };
		15C6482D165F3988007D4F18 /* AudioToolbox.framework in Frameworks */ = {isa = PBXBuildFile; fileRef = 15C6482C165F3988007D4F18 /* AudioToolbox.framework */; };
		15C6482F165F399D007D4F18 /* libz.dylib in Frameworks */ = {isa = PBXBuildFile; fileRef = 15C6482E165F399D007D4F18 /* libz.dylib */; };
		15C64831165F39AB007D4F18 /* libxml2.dylib in Frameworks */ = {isa = PBXBuildFile; fileRef = 15C64830165F39AB007D4F18 /* libxml2.dylib */; };
		15C64833165F3AFD007D4F18 /* Foundation.framework in Frameworks */ = {isa = PBXBuildFile; fileRef = 15C64832165F3AFD007D4F18 /* Foundation.framework */; };
		15C6498716633E65007D4F18 /* libcurl.a in Frameworks */ = {isa = PBXBuildFile; fileRef = 15C6498616633E65007D4F18 /* libcurl.a */; };
		15D8B23E168318C3006C7997 /* CDAudioManager.m in Sources */ = {isa = PBXBuildFile; fileRef = 15D8B233168318C3006C7997 /* CDAudioManager.m */; };
		15D8B23F168318C3006C7997 /* CDOpenALSupport.m in Sources */ = {isa = PBXBuildFile; fileRef = 15D8B236168318C3006C7997 /* CDOpenALSupport.m */; };
		15D8B240168318C3006C7997 /* CDXMacOSXSupport.mm in Sources */ = {isa = PBXBuildFile; fileRef = 15D8B238168318C3006C7997 /* CDXMacOSXSupport.mm */; };
		15D8B241168318C3006C7997 /* CocosDenshion.m in Sources */ = {isa = PBXBuildFile; fileRef = 15D8B23A168318C3006C7997 /* CocosDenshion.m */; };
		15D8B242168318C3006C7997 /* SimpleAudioEngine.mm in Sources */ = {isa = PBXBuildFile; fileRef = 15D8B23B168318C3006C7997 /* SimpleAudioEngine.mm */; };
		15D8B243168318C3006C7997 /* SimpleAudioEngine_objc.m in Sources */ = {isa = PBXBuildFile; fileRef = 15D8B23D168318C3006C7997 /* SimpleAudioEngine_objc.m */; };
		1A9CE9821765A7FA000E3062 /* AssetsManager.cpp in Sources */ = {isa = PBXBuildFile; fileRef = 1A9CE9281765A7FA000E3062 /* AssetsManager.cpp */; };
		1A9CE9A51765A7FA000E3062 /* LocalStorage.cpp in Sources */ = {isa = PBXBuildFile; fileRef = 1A9CE97F1765A7FA000E3062 /* LocalStorage.cpp */; };
		1A9CE9A61765A7FA000E3062 /* LocalStorageAndroid.cpp in Sources */ = {isa = PBXBuildFile; fileRef = 1A9CE9811765A7FA000E3062 /* LocalStorageAndroid.cpp */; };
		1A9CE9A81765A889000E3062 /* libsqlite3.dylib in Frameworks */ = {isa = PBXBuildFile; fileRef = 1A9CE9A71765A889000E3062 /* libsqlite3.dylib */; };
		41BC70E415BF81A5006A0A6C /* AppController.mm in Sources */ = {isa = PBXBuildFile; fileRef = 41BC70DA15BF81A5006A0A6C /* AppController.mm */; };
		41BC70E515BF81A5006A0A6C /* InfoPlist.strings in Resources */ = {isa = PBXBuildFile; fileRef = 41BC70DC15BF81A5006A0A6C /* InfoPlist.strings */; };
		41BC70E615BF81A5006A0A6C /* MainMenu.xib in Resources */ = {isa = PBXBuildFile; fileRef = 41BC70DE15BF81A5006A0A6C /* MainMenu.xib */; };
		41BC70E715BF81A5006A0A6C /* Icon.icns in Resources */ = {isa = PBXBuildFile; fileRef = 41BC70E015BF81A5006A0A6C /* Icon.icns */; };
		41BC70E815BF81A5006A0A6C /* main.m in Sources */ = {isa = PBXBuildFile; fileRef = 41BC70E115BF81A5006A0A6C /* main.m */; };
		B0090CAA198A3CB800BD8CDA /* AlertViewTest.cpp in Sources */ = {isa = PBXBuildFile; fileRef = B0090C68198A3CB800BD8CDA /* AlertViewTest.cpp */; };
		B0090CAB198A3CB800BD8CDA /* AppDelegate.cpp in Sources */ = {isa = PBXBuildFile; fileRef = B0090C6A198A3CB800BD8CDA /* AppDelegate.cpp */; };
		B0090CAC198A3CB800BD8CDA /* ButtonTest.cpp in Sources */ = {isa = PBXBuildFile; fileRef = B0090C6D198A3CB800BD8CDA /* ButtonTest.cpp */; };
		B0090CAD198A3CB800BD8CDA /* CollectionViewTest.cpp in Sources */ = {isa = PBXBuildFile; fileRef = B0090C70198A3CB800BD8CDA /* CollectionViewTest.cpp */; };
		B0090CAE198A3CB800BD8CDA /* AddressBookTest.cpp in Sources */ = {isa = PBXBuildFile; fileRef = B0090C73198A3CB800BD8CDA /* AddressBookTest.cpp */; };
		B0090CAF198A3CB800BD8CDA /* ExtensionsTest.cpp in Sources */ = {isa = PBXBuildFile; fileRef = B0090C75198A3CB800BD8CDA /* ExtensionsTest.cpp */; };
		B0090CB0198A3CB800BD8CDA /* HttpRequestTest.cpp in Sources */ = {isa = PBXBuildFile; fileRef = B0090C77198A3CB800BD8CDA /* HttpRequestTest.cpp */; };
		B0090CB1198A3CB800BD8CDA /* LoadingViewController.cpp in Sources */ = {isa = PBXBuildFile; fileRef = B0090C7A198A3CB800BD8CDA /* LoadingViewController.cpp */; };
		B0090CB2198A3CB800BD8CDA /* ImageViewTest.cpp in Sources */ = {isa = PBXBuildFile; fileRef = B0090C7D198A3CB800BD8CDA /* ImageViewTest.cpp */; };
		B0090CB3198A3CB800BD8CDA /* LabelTest.cpp in Sources */ = {isa = PBXBuildFile; fileRef = B0090C80198A3CB800BD8CDA /* LabelTest.cpp */; };
		B0090CB4198A3CB800BD8CDA /* MainMenu.cpp in Sources */ = {isa = PBXBuildFile; fileRef = B0090C82198A3CB800BD8CDA /* MainMenu.cpp */; };
		B0090CB5198A3CB800BD8CDA /* NavigationBarTest.cpp in Sources */ = {isa = PBXBuildFile; fileRef = B0090C85198A3CB800BD8CDA /* NavigationBarTest.cpp */; };
		B0090CB6198A3CB800BD8CDA /* ProgressTest.cpp in Sources */ = {isa = PBXBuildFile; fileRef = B0090C88198A3CB800BD8CDA /* ProgressTest.cpp */; };
		B0090CB7198A3CB800BD8CDA /* ScrollViewTest.cpp in Sources */ = {isa = PBXBuildFile; fileRef = B0090C8B198A3CB800BD8CDA /* ScrollViewTest.cpp */; };
		B0090CB8198A3CB800BD8CDA /* SegmentedControlTest.cpp in Sources */ = {isa = PBXBuildFile; fileRef = B0090C8E198A3CB800BD8CDA /* SegmentedControlTest.cpp */; };
		B0090CB9198A3CB800BD8CDA /* SliderTest.cpp in Sources */ = {isa = PBXBuildFile; fileRef = B0090C91198A3CB800BD8CDA /* SliderTest.cpp */; };
		B0090CBA198A3CB800BD8CDA /* SwitchTest.cpp in Sources */ = {isa = PBXBuildFile; fileRef = B0090C94198A3CB800BD8CDA /* SwitchTest.cpp */; };
		B0090CBB198A3CB800BD8CDA /* TabBarTest.cpp in Sources */ = {isa = PBXBuildFile; fileRef = B0090C97198A3CB800BD8CDA /* TabBarTest.cpp */; };
		B0090CBC198A3CB800BD8CDA /* TableViewTest.cpp in Sources */ = {isa = PBXBuildFile; fileRef = B0090C9A198A3CB800BD8CDA /* TableViewTest.cpp */; };
		B0090CBD198A3CB800BD8CDA /* TextFieldTest.cpp in Sources */ = {isa = PBXBuildFile; fileRef = B0090C9D198A3CB800BD8CDA /* TextFieldTest.cpp */; };
		B0090CBE198A3CB800BD8CDA /* FifthViewController.cpp in Sources */ = {isa = PBXBuildFile; fileRef = B0090CA0198A3CB800BD8CDA /* FifthViewController.cpp */; };
		B0090CBF198A3CB800BD8CDA /* FirstViewController.cpp in Sources */ = {isa = PBXBuildFile; fileRef = B0090CA2198A3CB800BD8CDA /* FirstViewController.cpp */; };
		B0090CC0198A3CB800BD8CDA /* FourthViewController.cpp in Sources */ = {isa = PBXBuildFile; fileRef = B0090CA4198A3CB800BD8CDA /* FourthViewController.cpp */; };
		B0090CC1198A3CB800BD8CDA /* SecondViewController.cpp in Sources */ = {isa = PBXBuildFile; fileRef = B0090CA6198A3CB800BD8CDA /* SecondViewController.cpp */; };
		B0090CC2198A3CB800BD8CDA /* ThirdViewController.cpp in Sources */ = {isa = PBXBuildFile; fileRef = B0090CA8198A3CB800BD8CDA /* ThirdViewController.cpp */; };
		B0090CCF198A404100BD8CDA /* loading.png in Resources */ = {isa = PBXBuildFile; fileRef = B0090CC8198A404100BD8CDA /* loading.png */; };
		B0090CD4198A405900BD8CDA /* fonts in Resources */ = {isa = PBXBuildFile; fileRef = B0090CD1198A405900BD8CDA /* fonts */; };
		B0090CD5198A405900BD8CDA /* source_material in Resources */ = {isa = PBXBuildFile; fileRef = B0090CD2198A405900BD8CDA /* source_material */; };
		B0090CD6198A405900BD8CDA /* tabbar_function in Resources */ = {isa = PBXBuildFile; fileRef = B0090CD3198A405900BD8CDA /* tabbar_function */; };
		B0090CDC198A407400BD8CDA /* 2.jpg in Resources */ = {isa = PBXBuildFile; fileRef = B0090CD8198A407400BD8CDA /* 2.jpg */; };
		B0090CDD198A407400BD8CDA /* 9m.jpg in Resources */ = {isa = PBXBuildFile; fileRef = B0090CD9198A407400BD8CDA /* 9m.jpg */; };
		B0090CDE198A407400BD8CDA /* icon.png in Resources */ = {isa = PBXBuildFile; fileRef = B0090CDA198A407400BD8CDA /* icon.png */; };
		B0090CDF198A407400BD8CDA /* logo.png in Resources */ = {isa = PBXBuildFile; fileRef = B0090CDB198A407400BD8CDA /* logo.png */; };
		B0090CE1198A41B800BD8CDA /* information.json in Resources */ = {isa = PBXBuildFile; fileRef = B0090CE0198A41B800BD8CDA /* information.json */; };
		B0090CE3198A41F000BD8CDA /* bg.jpg in Resources */ = {isa = PBXBuildFile; fileRef = B0090CE2198A41F000BD8CDA /* bg.jpg */; };
		B02A145C190A6A3700C3633B /* CAUIHelper.cpp in Sources */ = {isa = PBXBuildFile; fileRef = B02A145A190A6A3700C3633B /* CAUIHelper.cpp */; };
		B03E9018193897CC00FD9A06 /* CAMediaManager.mm in Sources */ = {isa = PBXBuildFile; fileRef = B03E9004193897CC00FD9A06 /* CAMediaManager.mm */; };
		B03E901C193897CC00FD9A06 /* CALocationManager.mm in Sources */ = {isa = PBXBuildFile; fileRef = B03E900E193897CC00FD9A06 /* CALocationManager.mm */; };
		B03E90241938990600FD9A06 /* CAAddressManager.mm in Sources */ = {isa = PBXBuildFile; fileRef = B03E90221938990600FD9A06 /* CAAddressManager.mm */; };
		B04C0BB119011ED8009854FD /* CSContentJsonDictionary.cpp in Sources */ = {isa = PBXBuildFile; fileRef = B04C0B9B19011ED8009854FD /* CSContentJsonDictionary.cpp */; };
		B04C0BB219011ED8009854FD /* DictionaryHelper.cpp in Sources */ = {isa = PBXBuildFile; fileRef = B04C0B9D19011ED8009854FD /* DictionaryHelper.cpp */; };
		B04C0BB319011ED8009854FD /* json_internalarray.inl in Resources */ = {isa = PBXBuildFile; fileRef = B04C0BA519011ED8009854FD /* json_internalarray.inl */; };
		B04C0BB419011ED8009854FD /* json_internalmap.inl in Resources */ = {isa = PBXBuildFile; fileRef = B04C0BA619011ED8009854FD /* json_internalmap.inl */; };
		B04C0BB519011ED8009854FD /* json_reader.cpp in Sources */ = {isa = PBXBuildFile; fileRef = B04C0BA819011ED8009854FD /* json_reader.cpp */; };
		B04C0BB619011ED8009854FD /* json_value.cpp in Sources */ = {isa = PBXBuildFile; fileRef = B04C0BAA19011ED8009854FD /* json_value.cpp */; };
		B04C0BB719011ED8009854FD /* json_valueiterator.inl in Resources */ = {isa = PBXBuildFile; fileRef = B04C0BAB19011ED8009854FD /* json_valueiterator.inl */; };
		B04C0BB819011ED8009854FD /* json_writer.cpp in Sources */ = {isa = PBXBuildFile; fileRef = B04C0BAC19011ED8009854FD /* json_writer.cpp */; };
		B04C0BB919011ED8009854FD /* sconscript in Resources */ = {isa = PBXBuildFile; fileRef = B04C0BAE19011ED8009854FD /* sconscript */; };
/* End PBXBuildFile section */

/* Begin PBXContainerItemProxy section */
		04EAA03E1956D14700198A8E /* PBXContainerItemProxy */ = {
			isa = PBXContainerItemProxy;
			containerPortal = 04EAA0371956D14600198A8E /* CrossApp.xcodeproj */;
			proxyType = 2;
			remoteGlobalIDString = 1551A33F158F2AB200E66CFE;
			remoteInfo = CrossApp;
		};
		04EAA0401956D15000198A8E /* PBXContainerItemProxy */ = {
			isa = PBXContainerItemProxy;
			containerPortal = 04EAA0371956D14600198A8E /* CrossApp.xcodeproj */;
			proxyType = 1;
			remoteGlobalIDString = 1551A33E158F2AB200E66CFE;
			remoteInfo = CrossApp;
		};
/* End PBXContainerItemProxy section */

/* Begin PBXFileReference section */
		04EAA0371956D14600198A8E /* CrossApp.xcodeproj */ = {isa = PBXFileReference; lastKnownFileType = "wrapper.pb-project"; name = CrossApp.xcodeproj; path = ../../../CrossApp/proj.mac/CrossApp.xcodeproj; sourceTree = "<group>"; };
		15C1580E168315CE00D239F2 /* Export.h */ = {isa = PBXFileReference; fileEncoding = 4; lastKnownFileType = sourcecode.c.h; path = Export.h; sourceTree = "<group>"; };
		15C1580F168315CE00D239F2 /* SimpleAudioEngine.h */ = {isa = PBXFileReference; fileEncoding = 4; lastKnownFileType = sourcecode.c.h; path = SimpleAudioEngine.h; sourceTree = "<group>"; };
		15C158D4168315E500D239F2 /* ExtensionMacros.h */ = {isa = PBXFileReference; fileEncoding = 4; lastKnownFileType = sourcecode.c.h; path = ExtensionMacros.h; sourceTree = "<group>"; };
		15C15904168315E500D239F2 /* HttpClient.cpp */ = {isa = PBXFileReference; fileEncoding = 4; lastKnownFileType = sourcecode.cpp.cpp; path = HttpClient.cpp; sourceTree = "<group>"; };
		15C15905168315E500D239F2 /* HttpClient.h */ = {isa = PBXFileReference; fileEncoding = 4; lastKnownFileType = sourcecode.c.h; path = HttpClient.h; sourceTree = "<group>"; };
		15C15906168315E500D239F2 /* HttpRequest.h */ = {isa = PBXFileReference; fileEncoding = 4; lastKnownFileType = sourcecode.c.h; path = HttpRequest.h; sourceTree = "<group>"; };
		15C15907168315E500D239F2 /* HttpResponse.h */ = {isa = PBXFileReference; fileEncoding = 4; lastKnownFileType = sourcecode.c.h; path = HttpResponse.h; sourceTree = "<group>"; };
		15C64822165F391E007D4F18 /* Cocoa.framework */ = {isa = PBXFileReference; lastKnownFileType = wrapper.framework; name = Cocoa.framework; path = Platforms/MacOSX.platform/Developer/SDKs/MacOSX10.8.sdk/System/Library/Frameworks/Cocoa.framework; sourceTree = DEVELOPER_DIR; };
		15C64824165F3934007D4F18 /* OpenGL.framework */ = {isa = PBXFileReference; lastKnownFileType = wrapper.framework; name = OpenGL.framework; path = Platforms/MacOSX.platform/Developer/SDKs/MacOSX10.8.sdk/System/Library/Frameworks/OpenGL.framework; sourceTree = DEVELOPER_DIR; };
		15C64826165F394E007D4F18 /* QuartzCore.framework */ = {isa = PBXFileReference; lastKnownFileType = wrapper.framework; name = QuartzCore.framework; path = Platforms/MacOSX.platform/Developer/SDKs/MacOSX10.8.sdk/System/Library/Frameworks/QuartzCore.framework; sourceTree = DEVELOPER_DIR; };
		15C64828165F396B007D4F18 /* OpenAL.framework */ = {isa = PBXFileReference; lastKnownFileType = wrapper.framework; name = OpenAL.framework; path = Platforms/MacOSX.platform/Developer/SDKs/MacOSX10.8.sdk/System/Library/Frameworks/OpenAL.framework; sourceTree = DEVELOPER_DIR; };
		15C6482A165F3979007D4F18 /* ApplicationServices.framework */ = {isa = PBXFileReference; lastKnownFileType = wrapper.framework; name = ApplicationServices.framework; path = Platforms/MacOSX.platform/Developer/SDKs/MacOSX10.8.sdk/System/Library/Frameworks/ApplicationServices.framework; sourceTree = DEVELOPER_DIR; };
		15C6482C165F3988007D4F18 /* AudioToolbox.framework */ = {isa = PBXFileReference; lastKnownFileType = wrapper.framework; name = AudioToolbox.framework; path = Platforms/MacOSX.platform/Developer/SDKs/MacOSX10.8.sdk/System/Library/Frameworks/AudioToolbox.framework; sourceTree = DEVELOPER_DIR; };
		15C6482E165F399D007D4F18 /* libz.dylib */ = {isa = PBXFileReference; lastKnownFileType = "compiled.mach-o.dylib"; name = libz.dylib; path = Platforms/MacOSX.platform/Developer/SDKs/MacOSX10.8.sdk/usr/lib/libz.dylib; sourceTree = DEVELOPER_DIR; };
		15C64830165F39AB007D4F18 /* libxml2.dylib */ = {isa = PBXFileReference; lastKnownFileType = "compiled.mach-o.dylib"; name = libxml2.dylib; path = Platforms/MacOSX.platform/Developer/SDKs/MacOSX10.8.sdk/usr/lib/libxml2.dylib; sourceTree = DEVELOPER_DIR; };
		15C64832165F3AFD007D4F18 /* Foundation.framework */ = {isa = PBXFileReference; lastKnownFileType = wrapper.framework; name = Foundation.framework; path = Platforms/MacOSX.platform/Developer/SDKs/MacOSX10.8.sdk/System/Library/Frameworks/Foundation.framework; sourceTree = DEVELOPER_DIR; };
		15C6498616633E65007D4F18 /* libcurl.a */ = {isa = PBXFileReference; lastKnownFileType = archive.ar; name = libcurl.a; path = ../../cocos2dx/platform/third_party/ios/libraries/libcurl.a; sourceTree = "<group>"; };
		15D8B232168318C3006C7997 /* CDAudioManager.h */ = {isa = PBXFileReference; fileEncoding = 4; lastKnownFileType = sourcecode.c.h; path = CDAudioManager.h; sourceTree = "<group>"; };
		15D8B233168318C3006C7997 /* CDAudioManager.m */ = {isa = PBXFileReference; fileEncoding = 4; lastKnownFileType = sourcecode.c.objc; path = CDAudioManager.m; sourceTree = "<group>"; };
		15D8B234168318C3006C7997 /* CDConfig.h */ = {isa = PBXFileReference; fileEncoding = 4; lastKnownFileType = sourcecode.c.h; path = CDConfig.h; sourceTree = "<group>"; };
		15D8B235168318C3006C7997 /* CDOpenALSupport.h */ = {isa = PBXFileReference; fileEncoding = 4; lastKnownFileType = sourcecode.c.h; path = CDOpenALSupport.h; sourceTree = "<group>"; };
		15D8B236168318C3006C7997 /* CDOpenALSupport.m */ = {isa = PBXFileReference; fileEncoding = 4; lastKnownFileType = sourcecode.c.objc; path = CDOpenALSupport.m; sourceTree = "<group>"; };
		15D8B237168318C3006C7997 /* CDXMacOSXSupport.h */ = {isa = PBXFileReference; fileEncoding = 4; lastKnownFileType = sourcecode.c.h; path = CDXMacOSXSupport.h; sourceTree = "<group>"; };
		15D8B238168318C3006C7997 /* CDXMacOSXSupport.mm */ = {isa = PBXFileReference; fileEncoding = 4; lastKnownFileType = sourcecode.cpp.objcpp; path = CDXMacOSXSupport.mm; sourceTree = "<group>"; };
		15D8B239168318C3006C7997 /* CocosDenshion.h */ = {isa = PBXFileReference; fileEncoding = 4; lastKnownFileType = sourcecode.c.h; path = CocosDenshion.h; sourceTree = "<group>"; };
		15D8B23A168318C3006C7997 /* CocosDenshion.m */ = {isa = PBXFileReference; fileEncoding = 4; lastKnownFileType = sourcecode.c.objc; path = CocosDenshion.m; sourceTree = "<group>"; };
		15D8B23B168318C3006C7997 /* SimpleAudioEngine.mm */ = {isa = PBXFileReference; fileEncoding = 4; lastKnownFileType = sourcecode.cpp.objcpp; path = SimpleAudioEngine.mm; sourceTree = "<group>"; };
		15D8B23C168318C3006C7997 /* SimpleAudioEngine_objc.h */ = {isa = PBXFileReference; fileEncoding = 4; lastKnownFileType = sourcecode.c.h; path = SimpleAudioEngine_objc.h; sourceTree = "<group>"; };
		15D8B23D168318C3006C7997 /* SimpleAudioEngine_objc.m */ = {isa = PBXFileReference; fileEncoding = 4; lastKnownFileType = sourcecode.c.objc; path = SimpleAudioEngine_objc.m; sourceTree = "<group>"; };
		1A9CE9281765A7FA000E3062 /* AssetsManager.cpp */ = {isa = PBXFileReference; fileEncoding = 4; lastKnownFileType = sourcecode.cpp.cpp; path = AssetsManager.cpp; sourceTree = "<group>"; };
		1A9CE9291765A7FA000E3062 /* AssetsManager.h */ = {isa = PBXFileReference; fileEncoding = 4; lastKnownFileType = sourcecode.c.h; path = AssetsManager.h; sourceTree = "<group>"; };
		1A9CE97F1765A7FA000E3062 /* LocalStorage.cpp */ = {isa = PBXFileReference; fileEncoding = 4; lastKnownFileType = sourcecode.cpp.cpp; path = LocalStorage.cpp; sourceTree = "<group>"; };
		1A9CE9801765A7FA000E3062 /* LocalStorage.h */ = {isa = PBXFileReference; fileEncoding = 4; lastKnownFileType = sourcecode.c.h; path = LocalStorage.h; sourceTree = "<group>"; };
		1A9CE9811765A7FA000E3062 /* LocalStorageAndroid.cpp */ = {isa = PBXFileReference; fileEncoding = 4; lastKnownFileType = sourcecode.cpp.cpp; path = LocalStorageAndroid.cpp; sourceTree = "<group>"; };
		1A9CE9A71765A889000E3062 /* libsqlite3.dylib */ = {isa = PBXFileReference; lastKnownFileType = "compiled.mach-o.dylib"; name = libsqlite3.dylib; path = usr/lib/libsqlite3.dylib; sourceTree = SDKROOT; };
		1D6058910D05DD3D006BFB54 /* HelloCpp.app */ = {isa = PBXFileReference; explicitFileType = wrapper.application; includeInIndex = 0; path = HelloCpp.app; sourceTree = BUILT_PRODUCTS_DIR; };
		41BC70D915BF81A5006A0A6C /* AppController.h */ = {isa = PBXFileReference; fileEncoding = 4; lastKnownFileType = sourcecode.c.h; path = AppController.h; sourceTree = SOURCE_ROOT; };
		41BC70DA15BF81A5006A0A6C /* AppController.mm */ = {isa = PBXFileReference; fileEncoding = 4; lastKnownFileType = sourcecode.cpp.objcpp; path = AppController.mm; sourceTree = SOURCE_ROOT; };
		41BC70DD15BF81A5006A0A6C /* en */ = {isa = PBXFileReference; lastKnownFileType = text.plist.strings; name = en; path = InfoPlist.strings; sourceTree = "<group>"; };
		41BC70DF15BF81A5006A0A6C /* en */ = {isa = PBXFileReference; lastKnownFileType = file.xib; name = en; path = MainMenu.xib; sourceTree = "<group>"; };
		41BC70E015BF81A5006A0A6C /* Icon.icns */ = {isa = PBXFileReference; lastKnownFileType = image.icns; path = Icon.icns; sourceTree = SOURCE_ROOT; };
		41BC70E115BF81A5006A0A6C /* main.m */ = {isa = PBXFileReference; fileEncoding = 4; lastKnownFileType = sourcecode.c.objc; path = main.m; sourceTree = SOURCE_ROOT; };
		41BC70E215BF81A5006A0A6C /* Info.plist */ = {isa = PBXFileReference; fileEncoding = 4; lastKnownFileType = text.plist.xml; path = Info.plist; sourceTree = SOURCE_ROOT; };
		41BC70E315BF81A5006A0A6C /* Prefix.pch */ = {isa = PBXFileReference; fileEncoding = 4; lastKnownFileType = sourcecode.c.h; path = Prefix.pch; sourceTree = SOURCE_ROOT; };
		B0090C68198A3CB800BD8CDA /* AlertViewTest.cpp */ = {isa = PBXFileReference; fileEncoding = 4; lastKnownFileType = sourcecode.cpp.cpp; path = AlertViewTest.cpp; sourceTree = "<group>"; };
		B0090C69198A3CB800BD8CDA /* AlertViewTest.h */ = {isa = PBXFileReference; fileEncoding = 4; lastKnownFileType = sourcecode.c.h; path = AlertViewTest.h; sourceTree = "<group>"; };
		B0090C6A198A3CB800BD8CDA /* AppDelegate.cpp */ = {isa = PBXFileReference; fileEncoding = 4; lastKnownFileType = sourcecode.cpp.cpp; name = AppDelegate.cpp; path = ../Classes/AppDelegate.cpp; sourceTree = "<group>"; };
		B0090C6B198A3CB800BD8CDA /* AppDelegate.h */ = {isa = PBXFileReference; fileEncoding = 4; lastKnownFileType = sourcecode.c.h; name = AppDelegate.h; path = ../Classes/AppDelegate.h; sourceTree = "<group>"; };
		B0090C6D198A3CB800BD8CDA /* ButtonTest.cpp */ = {isa = PBXFileReference; fileEncoding = 4; lastKnownFileType = sourcecode.cpp.cpp; path = ButtonTest.cpp; sourceTree = "<group>"; };
		B0090C6E198A3CB800BD8CDA /* ButtonTest.h */ = {isa = PBXFileReference; fileEncoding = 4; lastKnownFileType = sourcecode.c.h; path = ButtonTest.h; sourceTree = "<group>"; };
		B0090C70198A3CB800BD8CDA /* CollectionViewTest.cpp */ = {isa = PBXFileReference; fileEncoding = 4; lastKnownFileType = sourcecode.cpp.cpp; path = CollectionViewTest.cpp; sourceTree = "<group>"; };
		B0090C71198A3CB800BD8CDA /* CollectionViewTest.h */ = {isa = PBXFileReference; fileEncoding = 4; lastKnownFileType = sourcecode.c.h; path = CollectionViewTest.h; sourceTree = "<group>"; };
		B0090C73198A3CB800BD8CDA /* AddressBookTest.cpp */ = {isa = PBXFileReference; fileEncoding = 4; lastKnownFileType = sourcecode.cpp.cpp; path = AddressBookTest.cpp; sourceTree = "<group>"; };
		B0090C74198A3CB800BD8CDA /* AddressBookTest.h */ = {isa = PBXFileReference; fileEncoding = 4; lastKnownFileType = sourcecode.c.h; path = AddressBookTest.h; sourceTree = "<group>"; };
		B0090C75198A3CB800BD8CDA /* ExtensionsTest.cpp */ = {isa = PBXFileReference; fileEncoding = 4; lastKnownFileType = sourcecode.cpp.cpp; path = ExtensionsTest.cpp; sourceTree = "<group>"; };
		B0090C76198A3CB800BD8CDA /* ExtensionsTest.h */ = {isa = PBXFileReference; fileEncoding = 4; lastKnownFileType = sourcecode.c.h; path = ExtensionsTest.h; sourceTree = "<group>"; };
		B0090C77198A3CB800BD8CDA /* HttpRequestTest.cpp */ = {isa = PBXFileReference; fileEncoding = 4; lastKnownFileType = sourcecode.cpp.cpp; path = HttpRequestTest.cpp; sourceTree = "<group>"; };
		B0090C78198A3CB800BD8CDA /* HttpRequestTest.h */ = {isa = PBXFileReference; fileEncoding = 4; lastKnownFileType = sourcecode.c.h; path = HttpRequestTest.h; sourceTree = "<group>"; };
		B0090C79198A3CB800BD8CDA /* Info.h */ = {isa = PBXFileReference; fileEncoding = 4; lastKnownFileType = sourcecode.c.h; path = Info.h; sourceTree = "<group>"; };
		B0090C7A198A3CB800BD8CDA /* LoadingViewController.cpp */ = {isa = PBXFileReference; fileEncoding = 4; lastKnownFileType = sourcecode.cpp.cpp; path = LoadingViewController.cpp; sourceTree = "<group>"; };
		B0090C7B198A3CB800BD8CDA /* LoadingViewController.h */ = {isa = PBXFileReference; fileEncoding = 4; lastKnownFileType = sourcecode.c.h; path = LoadingViewController.h; sourceTree = "<group>"; };
		B0090C7D198A3CB800BD8CDA /* ImageViewTest.cpp */ = {isa = PBXFileReference; fileEncoding = 4; lastKnownFileType = sourcecode.cpp.cpp; path = ImageViewTest.cpp; sourceTree = "<group>"; };
		B0090C7E198A3CB800BD8CDA /* ImageViewTest.h */ = {isa = PBXFileReference; fileEncoding = 4; lastKnownFileType = sourcecode.c.h; path = ImageViewTest.h; sourceTree = "<group>"; };
		B0090C80198A3CB800BD8CDA /* LabelTest.cpp */ = {isa = PBXFileReference; fileEncoding = 4; lastKnownFileType = sourcecode.cpp.cpp; path = LabelTest.cpp; sourceTree = "<group>"; };
		B0090C81198A3CB800BD8CDA /* LabelTest.h */ = {isa = PBXFileReference; fileEncoding = 4; lastKnownFileType = sourcecode.c.h; path = LabelTest.h; sourceTree = "<group>"; };
		B0090C82198A3CB800BD8CDA /* MainMenu.cpp */ = {isa = PBXFileReference; fileEncoding = 4; lastKnownFileType = sourcecode.cpp.cpp; name = MainMenu.cpp; path = ../Classes/MainMenu.cpp; sourceTree = "<group>"; };
		B0090C83198A3CB800BD8CDA /* MainMenu.h */ = {isa = PBXFileReference; fileEncoding = 4; lastKnownFileType = sourcecode.c.h; name = MainMenu.h; path = ../Classes/MainMenu.h; sourceTree = "<group>"; };
		B0090C85198A3CB800BD8CDA /* NavigationBarTest.cpp */ = {isa = PBXFileReference; fileEncoding = 4; lastKnownFileType = sourcecode.cpp.cpp; path = NavigationBarTest.cpp; sourceTree = "<group>"; };
		B0090C86198A3CB800BD8CDA /* NavigationBarTest.h */ = {isa = PBXFileReference; fileEncoding = 4; lastKnownFileType = sourcecode.c.h; path = NavigationBarTest.h; sourceTree = "<group>"; };
		B0090C88198A3CB800BD8CDA /* ProgressTest.cpp */ = {isa = PBXFileReference; fileEncoding = 4; lastKnownFileType = sourcecode.cpp.cpp; path = ProgressTest.cpp; sourceTree = "<group>"; };
		B0090C89198A3CB800BD8CDA /* ProgressTest.h */ = {isa = PBXFileReference; fileEncoding = 4; lastKnownFileType = sourcecode.c.h; path = ProgressTest.h; sourceTree = "<group>"; };
		B0090C8B198A3CB800BD8CDA /* ScrollViewTest.cpp */ = {isa = PBXFileReference; fileEncoding = 4; lastKnownFileType = sourcecode.cpp.cpp; path = ScrollViewTest.cpp; sourceTree = "<group>"; };
		B0090C8C198A3CB800BD8CDA /* ScrollViewTest.h */ = {isa = PBXFileReference; fileEncoding = 4; lastKnownFileType = sourcecode.c.h; path = ScrollViewTest.h; sourceTree = "<group>"; };
		B0090C8E198A3CB800BD8CDA /* SegmentedControlTest.cpp */ = {isa = PBXFileReference; fileEncoding = 4; lastKnownFileType = sourcecode.cpp.cpp; path = SegmentedControlTest.cpp; sourceTree = "<group>"; };
		B0090C8F198A3CB800BD8CDA /* SegmentedControlTest.h */ = {isa = PBXFileReference; fileEncoding = 4; lastKnownFileType = sourcecode.c.h; path = SegmentedControlTest.h; sourceTree = "<group>"; };
		B0090C91198A3CB800BD8CDA /* SliderTest.cpp */ = {isa = PBXFileReference; fileEncoding = 4; lastKnownFileType = sourcecode.cpp.cpp; path = SliderTest.cpp; sourceTree = "<group>"; };
		B0090C92198A3CB800BD8CDA /* SliderTest.h */ = {isa = PBXFileReference; fileEncoding = 4; lastKnownFileType = sourcecode.c.h; path = SliderTest.h; sourceTree = "<group>"; };
		B0090C94198A3CB800BD8CDA /* SwitchTest.cpp */ = {isa = PBXFileReference; fileEncoding = 4; lastKnownFileType = sourcecode.cpp.cpp; path = SwitchTest.cpp; sourceTree = "<group>"; };
		B0090C95198A3CB800BD8CDA /* SwitchTest.h */ = {isa = PBXFileReference; fileEncoding = 4; lastKnownFileType = sourcecode.c.h; path = SwitchTest.h; sourceTree = "<group>"; };
		B0090C97198A3CB800BD8CDA /* TabBarTest.cpp */ = {isa = PBXFileReference; fileEncoding = 4; lastKnownFileType = sourcecode.cpp.cpp; path = TabBarTest.cpp; sourceTree = "<group>"; };
		B0090C98198A3CB800BD8CDA /* TabBarTest.h */ = {isa = PBXFileReference; fileEncoding = 4; lastKnownFileType = sourcecode.c.h; path = TabBarTest.h; sourceTree = "<group>"; };
		B0090C9A198A3CB800BD8CDA /* TableViewTest.cpp */ = {isa = PBXFileReference; fileEncoding = 4; lastKnownFileType = sourcecode.cpp.cpp; path = TableViewTest.cpp; sourceTree = "<group>"; };
		B0090C9B198A3CB800BD8CDA /* TableViewTest.h */ = {isa = PBXFileReference; fileEncoding = 4; lastKnownFileType = sourcecode.c.h; path = TableViewTest.h; sourceTree = "<group>"; };
		B0090C9D198A3CB800BD8CDA /* TextFieldTest.cpp */ = {isa = PBXFileReference; fileEncoding = 4; lastKnownFileType = sourcecode.cpp.cpp; path = TextFieldTest.cpp; sourceTree = "<group>"; };
		B0090C9E198A3CB800BD8CDA /* TextFieldTest.h */ = {isa = PBXFileReference; fileEncoding = 4; lastKnownFileType = sourcecode.c.h; path = TextFieldTest.h; sourceTree = "<group>"; };
		B0090CA0198A3CB800BD8CDA /* FifthViewController.cpp */ = {isa = PBXFileReference; fileEncoding = 4; lastKnownFileType = sourcecode.cpp.cpp; path = FifthViewController.cpp; sourceTree = "<group>"; };
		B0090CA1198A3CB800BD8CDA /* FifthViewController.h */ = {isa = PBXFileReference; fileEncoding = 4; lastKnownFileType = sourcecode.c.h; path = FifthViewController.h; sourceTree = "<group>"; };
		B0090CA2198A3CB800BD8CDA /* FirstViewController.cpp */ = {isa = PBXFileReference; fileEncoding = 4; lastKnownFileType = sourcecode.cpp.cpp; path = FirstViewController.cpp; sourceTree = "<group>"; };
		B0090CA3198A3CB800BD8CDA /* FirstViewController.h */ = {isa = PBXFileReference; fileEncoding = 4; lastKnownFileType = sourcecode.c.h; path = FirstViewController.h; sourceTree = "<group>"; };
		B0090CA4198A3CB800BD8CDA /* FourthViewController.cpp */ = {isa = PBXFileReference; fileEncoding = 4; lastKnownFileType = sourcecode.cpp.cpp; path = FourthViewController.cpp; sourceTree = "<group>"; };
		B0090CA5198A3CB800BD8CDA /* FourthViewController.h */ = {isa = PBXFileReference; fileEncoding = 4; lastKnownFileType = sourcecode.c.h; path = FourthViewController.h; sourceTree = "<group>"; };
		B0090CA6198A3CB800BD8CDA /* SecondViewController.cpp */ = {isa = PBXFileReference; fileEncoding = 4; lastKnownFileType = sourcecode.cpp.cpp; path = SecondViewController.cpp; sourceTree = "<group>"; };
		B0090CA7198A3CB800BD8CDA /* SecondViewController.h */ = {isa = PBXFileReference; fileEncoding = 4; lastKnownFileType = sourcecode.c.h; path = SecondViewController.h; sourceTree = "<group>"; };
		B0090CA8198A3CB800BD8CDA /* ThirdViewController.cpp */ = {isa = PBXFileReference; fileEncoding = 4; lastKnownFileType = sourcecode.cpp.cpp; path = ThirdViewController.cpp; sourceTree = "<group>"; };
		B0090CA9198A3CB800BD8CDA /* ThirdViewController.h */ = {isa = PBXFileReference; fileEncoding = 4; lastKnownFileType = sourcecode.c.h; path = ThirdViewController.h; sourceTree = "<group>"; };
		B0090CC8198A404100BD8CDA /* loading.png */ = {isa = PBXFileReference; lastKnownFileType = image.png; path = loading.png; sourceTree = "<group>"; };
		B0090CD1198A405900BD8CDA /* fonts */ = {isa = PBXFileReference; lastKnownFileType = folder; path = fonts; sourceTree = "<group>"; };
		B0090CD2198A405900BD8CDA /* source_material */ = {isa = PBXFileReference; lastKnownFileType = folder; path = source_material; sourceTree = "<group>"; };
		B0090CD3198A405900BD8CDA /* tabbar_function */ = {isa = PBXFileReference; lastKnownFileType = folder; path = tabbar_function; sourceTree = "<group>"; };
		B0090CD8198A407400BD8CDA /* 2.jpg */ = {isa = PBXFileReference; lastKnownFileType = image.jpeg; path = 2.jpg; sourceTree = "<group>"; };
		B0090CD9198A407400BD8CDA /* 9m.jpg */ = {isa = PBXFileReference; lastKnownFileType = image.jpeg; path = 9m.jpg; sourceTree = "<group>"; };
		B0090CDA198A407400BD8CDA /* icon.png */ = {isa = PBXFileReference; lastKnownFileType = image.png; path = icon.png; sourceTree = "<group>"; };
		B0090CDB198A407400BD8CDA /* logo.png */ = {isa = PBXFileReference; lastKnownFileType = image.png; path = logo.png; sourceTree = "<group>"; };
		B0090CE0198A41B800BD8CDA /* information.json */ = {isa = PBXFileReference; fileEncoding = 4; lastKnownFileType = text.json; path = information.json; sourceTree = "<group>"; };
		B0090CE2198A41F000BD8CDA /* bg.jpg */ = {isa = PBXFileReference; lastKnownFileType = image.jpeg; path = bg.jpg; sourceTree = "<group>"; };
		B02A145A190A6A3700C3633B /* CAUIHelper.cpp */ = {isa = PBXFileReference; fileEncoding = 4; lastKnownFileType = sourcecode.cpp.cpp; path = CAUIHelper.cpp; sourceTree = "<group>"; };
		B02A145B190A6A3700C3633B /* CAUIHelper.h */ = {isa = PBXFileReference; fileEncoding = 4; lastKnownFileType = sourcecode.c.h; path = CAUIHelper.h; sourceTree = "<group>"; };
		B03E8FF4193897CC00FD9A06 /* CAAddressManager.h */ = {isa = PBXFileReference; fileEncoding = 4; lastKnownFileType = sourcecode.c.h; path = CAAddressManager.h; sourceTree = "<group>"; };
		B03E8FFE193897CC00FD9A06 /* CAMediaManager.h */ = {isa = PBXFileReference; fileEncoding = 4; lastKnownFileType = sourcecode.c.h; path = CAMediaManager.h; sourceTree = "<group>"; };
		B03E9004193897CC00FD9A06 /* CAMediaManager.mm */ = {isa = PBXFileReference; fileEncoding = 4; lastKnownFileType = sourcecode.cpp.objcpp; path = CAMediaManager.mm; sourceTree = "<group>"; };
		B03E900A193897CC00FD9A06 /* CALocationManager.h */ = {isa = PBXFileReference; fileEncoding = 4; lastKnownFileType = sourcecode.c.h; path = CALocationManager.h; sourceTree = "<group>"; };
		B03E900E193897CC00FD9A06 /* CALocationManager.mm */ = {isa = PBXFileReference; fileEncoding = 4; lastKnownFileType = sourcecode.cpp.objcpp; path = CALocationManager.mm; sourceTree = "<group>"; };
		B03E90221938990600FD9A06 /* CAAddressManager.mm */ = {isa = PBXFileReference; fileEncoding = 4; lastKnownFileType = sourcecode.cpp.objcpp; path = CAAddressManager.mm; sourceTree = "<group>"; };
		B04C0B9B19011ED8009854FD /* CSContentJsonDictionary.cpp */ = {isa = PBXFileReference; fileEncoding = 4; lastKnownFileType = sourcecode.cpp.cpp; path = CSContentJsonDictionary.cpp; sourceTree = "<group>"; };
		B04C0B9C19011ED8009854FD /* CSContentJsonDictionary.h */ = {isa = PBXFileReference; fileEncoding = 4; lastKnownFileType = sourcecode.c.h; path = CSContentJsonDictionary.h; sourceTree = "<group>"; };
		B04C0B9D19011ED8009854FD /* DictionaryHelper.cpp */ = {isa = PBXFileReference; fileEncoding = 4; lastKnownFileType = sourcecode.cpp.cpp; path = DictionaryHelper.cpp; sourceTree = "<group>"; };
		B04C0B9E19011ED8009854FD /* DictionaryHelper.h */ = {isa = PBXFileReference; fileEncoding = 4; lastKnownFileType = sourcecode.c.h; path = DictionaryHelper.h; sourceTree = "<group>"; };
		B04C0BA019011ED8009854FD /* autolink.h */ = {isa = PBXFileReference; fileEncoding = 4; lastKnownFileType = sourcecode.c.h; path = autolink.h; sourceTree = "<group>"; };
		B04C0BA119011ED8009854FD /* config.h */ = {isa = PBXFileReference; fileEncoding = 4; lastKnownFileType = sourcecode.c.h; path = config.h; sourceTree = "<group>"; };
		B04C0BA219011ED8009854FD /* features.h */ = {isa = PBXFileReference; fileEncoding = 4; lastKnownFileType = sourcecode.c.h; path = features.h; sourceTree = "<group>"; };
		B04C0BA319011ED8009854FD /* forwards.h */ = {isa = PBXFileReference; fileEncoding = 4; lastKnownFileType = sourcecode.c.h; path = forwards.h; sourceTree = "<group>"; };
		B04C0BA419011ED8009854FD /* json_batchallocator.h */ = {isa = PBXFileReference; fileEncoding = 4; lastKnownFileType = sourcecode.c.h; path = json_batchallocator.h; sourceTree = "<group>"; };
		B04C0BA519011ED8009854FD /* json_internalarray.inl */ = {isa = PBXFileReference; fileEncoding = 4; lastKnownFileType = text; path = json_internalarray.inl; sourceTree = "<group>"; };
		B04C0BA619011ED8009854FD /* json_internalmap.inl */ = {isa = PBXFileReference; fileEncoding = 4; lastKnownFileType = text; path = json_internalmap.inl; sourceTree = "<group>"; };
		B04C0BA719011ED8009854FD /* json_lib.h */ = {isa = PBXFileReference; fileEncoding = 4; lastKnownFileType = sourcecode.c.h; path = json_lib.h; sourceTree = "<group>"; };
		B04C0BA819011ED8009854FD /* json_reader.cpp */ = {isa = PBXFileReference; fileEncoding = 4; lastKnownFileType = sourcecode.cpp.cpp; path = json_reader.cpp; sourceTree = "<group>"; };
		B04C0BA919011ED8009854FD /* json_tool.h */ = {isa = PBXFileReference; fileEncoding = 4; lastKnownFileType = sourcecode.c.h; path = json_tool.h; sourceTree = "<group>"; };
		B04C0BAA19011ED8009854FD /* json_value.cpp */ = {isa = PBXFileReference; fileEncoding = 4; lastKnownFileType = sourcecode.cpp.cpp; path = json_value.cpp; sourceTree = "<group>"; };
		B04C0BAB19011ED8009854FD /* json_valueiterator.inl */ = {isa = PBXFileReference; fileEncoding = 4; lastKnownFileType = text; path = json_valueiterator.inl; sourceTree = "<group>"; };
		B04C0BAC19011ED8009854FD /* json_writer.cpp */ = {isa = PBXFileReference; fileEncoding = 4; lastKnownFileType = sourcecode.cpp.cpp; path = json_writer.cpp; sourceTree = "<group>"; };
		B04C0BAD19011ED8009854FD /* reader.h */ = {isa = PBXFileReference; fileEncoding = 4; lastKnownFileType = sourcecode.c.h; path = reader.h; sourceTree = "<group>"; };
		B04C0BAE19011ED8009854FD /* sconscript */ = {isa = PBXFileReference; fileEncoding = 4; lastKnownFileType = text; path = sconscript; sourceTree = "<group>"; };
		B04C0BAF19011ED8009854FD /* value.h */ = {isa = PBXFileReference; fileEncoding = 4; lastKnownFileType = sourcecode.c.h; path = value.h; sourceTree = "<group>"; };
		B04C0BB019011ED8009854FD /* writer.h */ = {isa = PBXFileReference; fileEncoding = 4; lastKnownFileType = sourcecode.c.h; path = writer.h; sourceTree = "<group>"; };
		B05637581952735100C63FAA /* CrossAppExt.h */ = {isa = PBXFileReference; fileEncoding = 4; lastKnownFileType = sourcecode.c.h; path = CrossAppExt.h; sourceTree = "<group>"; };
/* End PBXFileReference section */

/* Begin PBXFrameworksBuildPhase section */
		1D60588F0D05DD3D006BFB54 /* Frameworks */ = {
			isa = PBXFrameworksBuildPhase;
			buildActionMask = 2147483647;
			files = (
				04EAA0421956D15700198A8E /* libCrossApp.a in Frameworks */,
				1A9CE9A81765A889000E3062 /* libsqlite3.dylib in Frameworks */,
				15C6498716633E65007D4F18 /* libcurl.a in Frameworks */,
				15C64833165F3AFD007D4F18 /* Foundation.framework in Frameworks */,
				15C64831165F39AB007D4F18 /* libxml2.dylib in Frameworks */,
				15C6482F165F399D007D4F18 /* libz.dylib in Frameworks */,
				15C6482D165F3988007D4F18 /* AudioToolbox.framework in Frameworks */,
				15C6482B165F3979007D4F18 /* ApplicationServices.framework in Frameworks */,
				15C64829165F396B007D4F18 /* OpenAL.framework in Frameworks */,
				15C64827165F394E007D4F18 /* QuartzCore.framework in Frameworks */,
				15C64825165F3934007D4F18 /* OpenGL.framework in Frameworks */,
				15C64823165F391E007D4F18 /* Cocoa.framework in Frameworks */,
			);
			runOnlyForDeploymentPostprocessing = 0;
		};
/* End PBXFrameworksBuildPhase section */

/* Begin PBXGroup section */
		04EAA0381956D14600198A8E /* Products */ = {
			isa = PBXGroup;
			children = (
				04EAA03F1956D14700198A8E /* libCrossApp.a */,
			);
			name = Products;
			sourceTree = "<group>";
		};
		15AA9C4015B7EC450033D6C2 /* Classes */ = {
			isa = PBXGroup;
			children = (
				B0090C67198A3CB800BD8CDA /* AlertViewTest */,
				B0090C6A198A3CB800BD8CDA /* AppDelegate.cpp */,
				B0090C6B198A3CB800BD8CDA /* AppDelegate.h */,
				B0090C6C198A3CB800BD8CDA /* ButtonTest */,
				B0090C6F198A3CB800BD8CDA /* CollectionViewTest */,
				B0090C72198A3CB800BD8CDA /* ExtensionsTest */,
				B0090C7C198A3CB800BD8CDA /* ImageViewTest */,
				B0090C7F198A3CB800BD8CDA /* LabelTest */,
				B0090C82198A3CB800BD8CDA /* MainMenu.cpp */,
				B0090C83198A3CB800BD8CDA /* MainMenu.h */,
				B0090C84198A3CB800BD8CDA /* NavigationBarTest */,
				B0090C87198A3CB800BD8CDA /* ProgressTest */,
				B0090C8A198A3CB800BD8CDA /* ScrollViewTest */,
				B0090C8D198A3CB800BD8CDA /* SegmentedControlTest */,
				B0090C90198A3CB800BD8CDA /* SliderTest */,
				B0090C93198A3CB800BD8CDA /* SwitchTest */,
				B0090C96198A3CB800BD8CDA /* TabBarTest */,
				B0090C99198A3CB800BD8CDA /* TableViewTest */,
				B0090C9C198A3CB800BD8CDA /* TextFieldTest */,
				B0090C9F198A3CB800BD8CDA /* ViewController */,
			);
			name = Classes;
			path = ../classes;
			sourceTree = "<group>";
		};
		15C157F7168315CE00D239F2 /* CocosDenshion */ = {
			isa = PBXGroup;
			children = (
				15D8B231168318C3006C7997 /* mac */,
				15C1580D168315CE00D239F2 /* include */,
			);
			name = CocosDenshion;
			path = ../../../CocosDenshion;
			sourceTree = "<group>";
		};
		15C1580D168315CE00D239F2 /* include */ = {
			isa = PBXGroup;
			children = (
				15C1580E168315CE00D239F2 /* Export.h */,
				15C1580F168315CE00D239F2 /* SimpleAudioEngine.h */,
			);
			path = include;
			sourceTree = "<group>";
		};
		15C1589C168315E500D239F2 /* extensions */ = {
			isa = PBXGroup;
			children = (
				B05637581952735100C63FAA /* CrossAppExt.h */,
				15C158D4168315E500D239F2 /* ExtensionMacros.h */,
				B03E8FF0193897CC00FD9A06 /* other */,
				B04C0B9A19011ED8009854FD /* Json */,
				1A9CE9271765A7FA000E3062 /* AssetsManager */,
				15C158D5168315E500D239F2 /* GUI */,
				1A9CE97E1765A7FA000E3062 /* LocalStorage */,
				15C15903168315E500D239F2 /* network */,
			);
			name = extensions;
			path = ../../../extensions;
			sourceTree = "<group>";
		};
		15C158D5168315E500D239F2 /* GUI */ = {
			isa = PBXGroup;
			children = (
				B02A145A190A6A3700C3633B /* CAUIHelper.cpp */,
				B02A145B190A6A3700C3633B /* CAUIHelper.h */,
			);
			path = GUI;
			sourceTree = "<group>";
		};
		15C15903168315E500D239F2 /* network */ = {
			isa = PBXGroup;
			children = (
				15C15904168315E500D239F2 /* HttpClient.cpp */,
				15C15905168315E500D239F2 /* HttpClient.h */,
				15C15906168315E500D239F2 /* HttpRequest.h */,
				15C15907168315E500D239F2 /* HttpResponse.h */,
			);
			path = network;
			sourceTree = "<group>";
		};
		15D8B231168318C3006C7997 /* mac */ = {
			isa = PBXGroup;
			children = (
				15D8B232168318C3006C7997 /* CDAudioManager.h */,
				15D8B233168318C3006C7997 /* CDAudioManager.m */,
				15D8B234168318C3006C7997 /* CDConfig.h */,
				15D8B235168318C3006C7997 /* CDOpenALSupport.h */,
				15D8B236168318C3006C7997 /* CDOpenALSupport.m */,
				15D8B237168318C3006C7997 /* CDXMacOSXSupport.h */,
				15D8B238168318C3006C7997 /* CDXMacOSXSupport.mm */,
				15D8B239168318C3006C7997 /* CocosDenshion.h */,
				15D8B23A168318C3006C7997 /* CocosDenshion.m */,
				15D8B23B168318C3006C7997 /* SimpleAudioEngine.mm */,
				15D8B23C168318C3006C7997 /* SimpleAudioEngine_objc.h */,
				15D8B23D168318C3006C7997 /* SimpleAudioEngine_objc.m */,
			);
			path = mac;
			sourceTree = "<group>";
		};
		19C28FACFE9D520D11CA2CBB /* Products */ = {
			isa = PBXGroup;
			children = (
				1D6058910D05DD3D006BFB54 /* HelloCpp.app */,
			);
			name = Products;
			sourceTree = "<group>";
		};
		1A9CE9271765A7FA000E3062 /* AssetsManager */ = {
			isa = PBXGroup;
			children = (
				1A9CE9281765A7FA000E3062 /* AssetsManager.cpp */,
				1A9CE9291765A7FA000E3062 /* AssetsManager.h */,
			);
			path = AssetsManager;
			sourceTree = "<group>";
		};
		1A9CE97E1765A7FA000E3062 /* LocalStorage */ = {
			isa = PBXGroup;
			children = (
				1A9CE97F1765A7FA000E3062 /* LocalStorage.cpp */,
				1A9CE9801765A7FA000E3062 /* LocalStorage.h */,
				1A9CE9811765A7FA000E3062 /* LocalStorageAndroid.cpp */,
			);
			path = LocalStorage;
			sourceTree = "<group>";
		};
		29B97314FDCFA39411CA2CEA /* CustomTemplate */ = {
			isa = PBXGroup;
			children = (
				04EAA0371956D14600198A8E /* CrossApp.xcodeproj */,
				1A9CE9A71765A889000E3062 /* libsqlite3.dylib */,
				15C157F7168315CE00D239F2 /* CocosDenshion */,
				15C1589C168315E500D239F2 /* extensions */,
				29B97323FDCFA39411CA2CEA /* Frameworks */,
				15AA9C4015B7EC450033D6C2 /* Classes */,
				41BC70D815BF818D006A0A6C /* mac */,
				19C28FACFE9D520D11CA2CBB /* Products */,
				B04C0BBA19011F33009854FD /* Resources */,
			);
			name = CustomTemplate;
			sourceTree = "<group>";
		};
		29B97323FDCFA39411CA2CEA /* Frameworks */ = {
			isa = PBXGroup;
			children = (
				15C6498616633E65007D4F18 /* libcurl.a */,
				15C64830165F39AB007D4F18 /* libxml2.dylib */,
				15C6482E165F399D007D4F18 /* libz.dylib */,
				15C6482C165F3988007D4F18 /* AudioToolbox.framework */,
				15C6482A165F3979007D4F18 /* ApplicationServices.framework */,
				15C64828165F396B007D4F18 /* OpenAL.framework */,
				15C64826165F394E007D4F18 /* QuartzCore.framework */,
				15C64824165F3934007D4F18 /* OpenGL.framework */,
				15C64822165F391E007D4F18 /* Cocoa.framework */,
				15C64832165F3AFD007D4F18 /* Foundation.framework */,
			);
			name = Frameworks;
			sourceTree = "<group>";
		};
		41BC70D815BF818D006A0A6C /* mac */ = {
			isa = PBXGroup;
			children = (
				41BC70D915BF81A5006A0A6C /* AppController.h */,
				41BC70DA15BF81A5006A0A6C /* AppController.mm */,
				41BC70DB15BF81A5006A0A6C /* en.lproj */,
				41BC70E015BF81A5006A0A6C /* Icon.icns */,
				41BC70E115BF81A5006A0A6C /* main.m */,
				41BC70E215BF81A5006A0A6C /* Info.plist */,
				41BC70E315BF81A5006A0A6C /* Prefix.pch */,
			);
			name = mac;
			path = ../Resources;
			sourceTree = "<group>";
		};
		41BC70DB15BF81A5006A0A6C /* en.lproj */ = {
			isa = PBXGroup;
			children = (
				41BC70DC15BF81A5006A0A6C /* InfoPlist.strings */,
				41BC70DE15BF81A5006A0A6C /* MainMenu.xib */,
			);
			path = en.lproj;
			sourceTree = SOURCE_ROOT;
		};
		B0090C67198A3CB800BD8CDA /* AlertViewTest */ = {
			isa = PBXGroup;
			children = (
				B0090C68198A3CB800BD8CDA /* AlertViewTest.cpp */,
				B0090C69198A3CB800BD8CDA /* AlertViewTest.h */,
			);
			name = AlertViewTest;
			path = ../Classes/AlertViewTest;
			sourceTree = "<group>";
		};
		B0090C6C198A3CB800BD8CDA /* ButtonTest */ = {
			isa = PBXGroup;
			children = (
				B0090C6D198A3CB800BD8CDA /* ButtonTest.cpp */,
				B0090C6E198A3CB800BD8CDA /* ButtonTest.h */,
			);
			name = ButtonTest;
			path = ../Classes/ButtonTest;
			sourceTree = "<group>";
		};
		B0090C6F198A3CB800BD8CDA /* CollectionViewTest */ = {
			isa = PBXGroup;
			children = (
				B0090C70198A3CB800BD8CDA /* CollectionViewTest.cpp */,
				B0090C71198A3CB800BD8CDA /* CollectionViewTest.h */,
			);
			name = CollectionViewTest;
			path = ../Classes/CollectionViewTest;
			sourceTree = "<group>";
		};
		B0090C72198A3CB800BD8CDA /* ExtensionsTest */ = {
			isa = PBXGroup;
			children = (
				B0090C73198A3CB800BD8CDA /* AddressBookTest.cpp */,
				B0090C74198A3CB800BD8CDA /* AddressBookTest.h */,
				B0090C75198A3CB800BD8CDA /* ExtensionsTest.cpp */,
				B0090C76198A3CB800BD8CDA /* ExtensionsTest.h */,
				B0090C77198A3CB800BD8CDA /* HttpRequestTest.cpp */,
				B0090C78198A3CB800BD8CDA /* HttpRequestTest.h */,
				B0090C79198A3CB800BD8CDA /* Info.h */,
				B0090C7A198A3CB800BD8CDA /* LoadingViewController.cpp */,
				B0090C7B198A3CB800BD8CDA /* LoadingViewController.h */,
			);
			name = ExtensionsTest;
			path = ../Classes/ExtensionsTest;
			sourceTree = "<group>";
		};
		B0090C7C198A3CB800BD8CDA /* ImageViewTest */ = {
			isa = PBXGroup;
			children = (
				B0090C7D198A3CB800BD8CDA /* ImageViewTest.cpp */,
				B0090C7E198A3CB800BD8CDA /* ImageViewTest.h */,
			);
			name = ImageViewTest;
			path = ../Classes/ImageViewTest;
			sourceTree = "<group>";
		};
		B0090C7F198A3CB800BD8CDA /* LabelTest */ = {
			isa = PBXGroup;
			children = (
				B0090C80198A3CB800BD8CDA /* LabelTest.cpp */,
				B0090C81198A3CB800BD8CDA /* LabelTest.h */,
			);
			name = LabelTest;
			path = ../Classes/LabelTest;
			sourceTree = "<group>";
		};
		B0090C84198A3CB800BD8CDA /* NavigationBarTest */ = {
			isa = PBXGroup;
			children = (
				B0090C85198A3CB800BD8CDA /* NavigationBarTest.cpp */,
				B0090C86198A3CB800BD8CDA /* NavigationBarTest.h */,
			);
			name = NavigationBarTest;
			path = ../Classes/NavigationBarTest;
			sourceTree = "<group>";
		};
		B0090C87198A3CB800BD8CDA /* ProgressTest */ = {
			isa = PBXGroup;
			children = (
				B0090C88198A3CB800BD8CDA /* ProgressTest.cpp */,
				B0090C89198A3CB800BD8CDA /* ProgressTest.h */,
			);
			name = ProgressTest;
			path = ../Classes/ProgressTest;
			sourceTree = "<group>";
		};
		B0090C8A198A3CB800BD8CDA /* ScrollViewTest */ = {
			isa = PBXGroup;
			children = (
				B0090C8B198A3CB800BD8CDA /* ScrollViewTest.cpp */,
				B0090C8C198A3CB800BD8CDA /* ScrollViewTest.h */,
			);
			name = ScrollViewTest;
			path = ../Classes/ScrollViewTest;
			sourceTree = "<group>";
		};
		B0090C8D198A3CB800BD8CDA /* SegmentedControlTest */ = {
			isa = PBXGroup;
			children = (
				B0090C8E198A3CB800BD8CDA /* SegmentedControlTest.cpp */,
				B0090C8F198A3CB800BD8CDA /* SegmentedControlTest.h */,
			);
			name = SegmentedControlTest;
			path = ../Classes/SegmentedControlTest;
			sourceTree = "<group>";
		};
		B0090C90198A3CB800BD8CDA /* SliderTest */ = {
			isa = PBXGroup;
			children = (
				B0090C91198A3CB800BD8CDA /* SliderTest.cpp */,
				B0090C92198A3CB800BD8CDA /* SliderTest.h */,
			);
			name = SliderTest;
			path = ../Classes/SliderTest;
			sourceTree = "<group>";
		};
		B0090C93198A3CB800BD8CDA /* SwitchTest */ = {
			isa = PBXGroup;
			children = (
				B0090C94198A3CB800BD8CDA /* SwitchTest.cpp */,
				B0090C95198A3CB800BD8CDA /* SwitchTest.h */,
			);
			name = SwitchTest;
			path = ../Classes/SwitchTest;
			sourceTree = "<group>";
		};
		B0090C96198A3CB800BD8CDA /* TabBarTest */ = {
			isa = PBXGroup;
			children = (
				B0090C97198A3CB800BD8CDA /* TabBarTest.cpp */,
				B0090C98198A3CB800BD8CDA /* TabBarTest.h */,
			);
			name = TabBarTest;
			path = ../Classes/TabBarTest;
			sourceTree = "<group>";
		};
		B0090C99198A3CB800BD8CDA /* TableViewTest */ = {
			isa = PBXGroup;
			children = (
				B0090C9A198A3CB800BD8CDA /* TableViewTest.cpp */,
				B0090C9B198A3CB800BD8CDA /* TableViewTest.h */,
			);
			name = TableViewTest;
			path = ../Classes/TableViewTest;
			sourceTree = "<group>";
		};
		B0090C9C198A3CB800BD8CDA /* TextFieldTest */ = {
			isa = PBXGroup;
			children = (
				B0090C9D198A3CB800BD8CDA /* TextFieldTest.cpp */,
				B0090C9E198A3CB800BD8CDA /* TextFieldTest.h */,
			);
			name = TextFieldTest;
			path = ../Classes/TextFieldTest;
			sourceTree = "<group>";
		};
		B0090C9F198A3CB800BD8CDA /* ViewController */ = {
			isa = PBXGroup;
			children = (
				B0090CA0198A3CB800BD8CDA /* FifthViewController.cpp */,
				B0090CA1198A3CB800BD8CDA /* FifthViewController.h */,
				B0090CA2198A3CB800BD8CDA /* FirstViewController.cpp */,
				B0090CA3198A3CB800BD8CDA /* FirstViewController.h */,
				B0090CA4198A3CB800BD8CDA /* FourthViewController.cpp */,
				B0090CA5198A3CB800BD8CDA /* FourthViewController.h */,
				B0090CA6198A3CB800BD8CDA /* SecondViewController.cpp */,
				B0090CA7198A3CB800BD8CDA /* SecondViewController.h */,
				B0090CA8198A3CB800BD8CDA /* ThirdViewController.cpp */,
				B0090CA9198A3CB800BD8CDA /* ThirdViewController.h */,
			);
			name = ViewController;
			path = ../Classes/ViewController;
			sourceTree = "<group>";
		};
		B03E8FF0193897CC00FD9A06 /* other */ = {
			isa = PBXGroup;
			children = (
				B03E8FF1193897CC00FD9A06 /* CAAdress */,
				B03E8FFB193897CC00FD9A06 /* CACamera */,
				B03E9007193897CC00FD9A06 /* CALocation */,
			);
			path = other;
			sourceTree = "<group>";
		};
		B03E8FF1193897CC00FD9A06 /* CAAdress */ = {
			isa = PBXGroup;
			children = (
				B03E901F1938990600FD9A06 /* ios */,
				B03E8FF4193897CC00FD9A06 /* CAAddressManager.h */,
			);
			path = CAAdress;
			sourceTree = "<group>";
		};
		B03E8FFB193897CC00FD9A06 /* CACamera */ = {
			isa = PBXGroup;
			children = (
				B03E8FFE193897CC00FD9A06 /* CAMediaManager.h */,
				B03E8FFF193897CC00FD9A06 /* ios */,
			);
			path = CACamera;
			sourceTree = "<group>";
		};
		B03E8FFF193897CC00FD9A06 /* ios */ = {
			isa = PBXGroup;
			children = (
				B03E9004193897CC00FD9A06 /* CAMediaManager.mm */,
			);
			path = ios;
			sourceTree = "<group>";
		};
		B03E9007193897CC00FD9A06 /* CALocation */ = {
			isa = PBXGroup;
			children = (
				B03E900A193897CC00FD9A06 /* CALocationManager.h */,
				B03E900B193897CC00FD9A06 /* ios */,
			);
			path = CALocation;
			sourceTree = "<group>";
		};
		B03E900B193897CC00FD9A06 /* ios */ = {
			isa = PBXGroup;
			children = (
				B03E900E193897CC00FD9A06 /* CALocationManager.mm */,
			);
			path = ios;
			sourceTree = "<group>";
		};
		B03E901F1938990600FD9A06 /* ios */ = {
			isa = PBXGroup;
			children = (
				B03E90221938990600FD9A06 /* CAAddressManager.mm */,
			);
			path = ios;
			sourceTree = "<group>";
		};
		B04C0B9A19011ED8009854FD /* Json */ = {
			isa = PBXGroup;
			children = (
				B04C0B9B19011ED8009854FD /* CSContentJsonDictionary.cpp */,
				B04C0B9C19011ED8009854FD /* CSContentJsonDictionary.h */,
				B04C0B9D19011ED8009854FD /* DictionaryHelper.cpp */,
				B04C0B9E19011ED8009854FD /* DictionaryHelper.h */,
				B04C0B9F19011ED8009854FD /* lib_json */,
			);
			path = Json;
			sourceTree = "<group>";
		};
		B04C0B9F19011ED8009854FD /* lib_json */ = {
			isa = PBXGroup;
			children = (
				B04C0BA019011ED8009854FD /* autolink.h */,
				B04C0BA119011ED8009854FD /* config.h */,
				B04C0BA219011ED8009854FD /* features.h */,
				B04C0BA319011ED8009854FD /* forwards.h */,
				B04C0BA419011ED8009854FD /* json_batchallocator.h */,
				B04C0BA519011ED8009854FD /* json_internalarray.inl */,
				B04C0BA619011ED8009854FD /* json_internalmap.inl */,
				B04C0BA719011ED8009854FD /* json_lib.h */,
				B04C0BA819011ED8009854FD /* json_reader.cpp */,
				B04C0BA919011ED8009854FD /* json_tool.h */,
				B04C0BAA19011ED8009854FD /* json_value.cpp */,
				B04C0BAB19011ED8009854FD /* json_valueiterator.inl */,
				B04C0BAC19011ED8009854FD /* json_writer.cpp */,
				B04C0BAD19011ED8009854FD /* reader.h */,
				B04C0BAE19011ED8009854FD /* sconscript */,
				B04C0BAF19011ED8009854FD /* value.h */,
				B04C0BB019011ED8009854FD /* writer.h */,
			);
			path = lib_json;
			sourceTree = "<group>";
		};
		B04C0BBA19011F33009854FD /* Resources */ = {
			isa = PBXGroup;
			children = (
				B0090CE2198A41F000BD8CDA /* bg.jpg */,
				B0090CE0198A41B800BD8CDA /* information.json */,
				B0090CD8198A407400BD8CDA /* 2.jpg */,
				B0090CD9198A407400BD8CDA /* 9m.jpg */,
				B0090CDA198A407400BD8CDA /* icon.png */,
				B0090CDB198A407400BD8CDA /* logo.png */,
				B0090CD1198A405900BD8CDA /* fonts */,
				B0090CD2198A405900BD8CDA /* source_material */,
				B0090CD3198A405900BD8CDA /* tabbar_function */,
				B0090CC8198A404100BD8CDA /* loading.png */,
			);
			name = Resources;
			path = ../Resources;
			sourceTree = "<group>";
		};
/* End PBXGroup section */

/* Begin PBXNativeTarget section */
		1D6058900D05DD3D006BFB54 /* HelloCpp */ = {
			isa = PBXNativeTarget;
			buildConfigurationList = 1D6058960D05DD3E006BFB54 /* Build configuration list for PBXNativeTarget "HelloCpp" */;
			buildPhases = (
				1D60588D0D05DD3D006BFB54 /* Resources */,
				1D60588E0D05DD3D006BFB54 /* Sources */,
				1D60588F0D05DD3D006BFB54 /* Frameworks */,
			);
			buildRules = (
			);
			dependencies = (
				04EAA0411956D15000198A8E /* PBXTargetDependency */,
			);
			name = HelloCpp;
			productName = iphone;
			productReference = 1D6058910D05DD3D006BFB54 /* HelloCpp.app */;
			productType = "com.apple.product-type.application";
		};
/* End PBXNativeTarget section */

/* Begin PBXProject section */
		29B97313FDCFA39411CA2CEA /* Project object */ = {
			isa = PBXProject;
			attributes = {
				LastUpgradeCheck = 0430;
			};
			buildConfigurationList = C01FCF4E08A954540054247B /* Build configuration list for PBXProject "HelloCpp" */;
			compatibilityVersion = "Xcode 3.2";
			developmentRegion = English;
			hasScannedForEncodings = 1;
			knownRegions = (
				English,
				Japanese,
				French,
				German,
				en,
			);
			mainGroup = 29B97314FDCFA39411CA2CEA /* CustomTemplate */;
			projectDirPath = "";
			projectReferences = (
				{
					ProductGroup = 04EAA0381956D14600198A8E /* Products */;
					ProjectRef = 04EAA0371956D14600198A8E /* CrossApp.xcodeproj */;
				},
			);
			projectRoot = "";
			targets = (
				1D6058900D05DD3D006BFB54 /* HelloCpp */,
			);
		};
/* End PBXProject section */

/* Begin PBXReferenceProxy section */
		04EAA03F1956D14700198A8E /* libCrossApp.a */ = {
			isa = PBXReferenceProxy;
			fileType = archive.ar;
			path = libCrossApp.a;
			remoteRef = 04EAA03E1956D14700198A8E /* PBXContainerItemProxy */;
			sourceTree = BUILT_PRODUCTS_DIR;
		};
/* End PBXReferenceProxy section */

/* Begin PBXResourcesBuildPhase section */
		1D60588D0D05DD3D006BFB54 /* Resources */ = {
			isa = PBXResourcesBuildPhase;
			buildActionMask = 2147483647;
			files = (
				B0090CDD198A407400BD8CDA /* 9m.jpg in Resources */,
				B04C0BB319011ED8009854FD /* json_internalarray.inl in Resources */,
				B04C0BB419011ED8009854FD /* json_internalmap.inl in Resources */,
				41BC70E515BF81A5006A0A6C /* InfoPlist.strings in Resources */,
				41BC70E615BF81A5006A0A6C /* MainMenu.xib in Resources */,
				B0090CD5198A405900BD8CDA /* source_material in Resources */,
				B04C0BB719011ED8009854FD /* json_valueiterator.inl in Resources */,
				B0090CDC198A407400BD8CDA /* 2.jpg in Resources */,
				B0090CDE198A407400BD8CDA /* icon.png in Resources */,
				41BC70E715BF81A5006A0A6C /* Icon.icns in Resources */,
				B0090CD4198A405900BD8CDA /* fonts in Resources */,
				B0090CDF198A407400BD8CDA /* logo.png in Resources */,
				B0090CD6198A405900BD8CDA /* tabbar_function in Resources */,
				B0090CE3198A41F000BD8CDA /* bg.jpg in Resources */,
				B04C0BB919011ED8009854FD /* sconscript in Resources */,
				B0090CE1198A41B800BD8CDA /* information.json in Resources */,
				B0090CCF198A404100BD8CDA /* loading.png in Resources */,
			);
			runOnlyForDeploymentPostprocessing = 0;
		};
/* End PBXResourcesBuildPhase section */

/* Begin PBXSourcesBuildPhase section */
		1D60588E0D05DD3D006BFB54 /* Sources */ = {
			isa = PBXSourcesBuildPhase;
			buildActionMask = 2147483647;
			files = (
				B0090CC0198A3CB800BD8CDA /* FourthViewController.cpp in Sources */,
				41BC70E415BF81A5006A0A6C /* AppController.mm in Sources */,
				B0090CC1198A3CB800BD8CDA /* SecondViewController.cpp in Sources */,
				41BC70E815BF81A5006A0A6C /* main.m in Sources */,
				B04C0BB519011ED8009854FD /* json_reader.cpp in Sources */,
				B0090CB8198A3CB800BD8CDA /* SegmentedControlTest.cpp in Sources */,
				B0090CAF198A3CB800BD8CDA /* ExtensionsTest.cpp in Sources */,
				B04C0BB819011ED8009854FD /* json_writer.cpp in Sources */,
				B0090CAD198A3CB800BD8CDA /* CollectionViewTest.cpp in Sources */,
				B04C0BB219011ED8009854FD /* DictionaryHelper.cpp in Sources */,
				B0090CB4198A3CB800BD8CDA /* MainMenu.cpp in Sources */,
				B0090CBE198A3CB800BD8CDA /* FifthViewController.cpp in Sources */,
				B04C0BB619011ED8009854FD /* json_value.cpp in Sources */,
				15C15946168315E500D239F2 /* HttpClient.cpp in Sources */,
				B04C0BB119011ED8009854FD /* CSContentJsonDictionary.cpp in Sources */,
				B03E901C193897CC00FD9A06 /* CALocationManager.mm in Sources */,
				B0090CBD198A3CB800BD8CDA /* TextFieldTest.cpp in Sources */,
				15D8B23E168318C3006C7997 /* CDAudioManager.m in Sources */,
				B0090CB6198A3CB800BD8CDA /* ProgressTest.cpp in Sources */,
				B0090CAC198A3CB800BD8CDA /* ButtonTest.cpp in Sources */,
				B0090CC2198A3CB800BD8CDA /* ThirdViewController.cpp in Sources */,
				B0090CBC198A3CB800BD8CDA /* TableViewTest.cpp in Sources */,
				15D8B23F168318C3006C7997 /* CDOpenALSupport.m in Sources */,
				B0090CB1198A3CB800BD8CDA /* LoadingViewController.cpp in Sources */,
				B0090CBB198A3CB800BD8CDA /* TabBarTest.cpp in Sources */,
				B0090CB5198A3CB800BD8CDA /* NavigationBarTest.cpp in Sources */,
				15D8B240168318C3006C7997 /* CDXMacOSXSupport.mm in Sources */,
				B03E9018193897CC00FD9A06 /* CAMediaManager.mm in Sources */,
				B0090CB9198A3CB800BD8CDA /* SliderTest.cpp in Sources */,
				B0090CB0198A3CB800BD8CDA /* HttpRequestTest.cpp in Sources */,
				B03E90241938990600FD9A06 /* CAAddressManager.mm in Sources */,
				B0090CBA198A3CB800BD8CDA /* SwitchTest.cpp in Sources */,
				15D8B241168318C3006C7997 /* CocosDenshion.m in Sources */,
				15D8B242168318C3006C7997 /* SimpleAudioEngine.mm in Sources */,
				B0090CB7198A3CB800BD8CDA /* ScrollViewTest.cpp in Sources */,
				B0090CAA198A3CB800BD8CDA /* AlertViewTest.cpp in Sources */,
				B0090CAE198A3CB800BD8CDA /* AddressBookTest.cpp in Sources */,
				15D8B243168318C3006C7997 /* SimpleAudioEngine_objc.m in Sources */,
				1A9CE9821765A7FA000E3062 /* AssetsManager.cpp in Sources */,
				B0090CAB198A3CB800BD8CDA /* AppDelegate.cpp in Sources */,
				B0090CB2198A3CB800BD8CDA /* ImageViewTest.cpp in Sources */,
				B0090CBF198A3CB800BD8CDA /* FirstViewController.cpp in Sources */,
				B02A145C190A6A3700C3633B /* CAUIHelper.cpp in Sources */,
				1A9CE9A51765A7FA000E3062 /* LocalStorage.cpp in Sources */,
				B0090CB3198A3CB800BD8CDA /* LabelTest.cpp in Sources */,
				1A9CE9A61765A7FA000E3062 /* LocalStorageAndroid.cpp in Sources */,
			);
			runOnlyForDeploymentPostprocessing = 0;
		};
/* End PBXSourcesBuildPhase section */

/* Begin PBXTargetDependency section */
		04EAA0411956D15000198A8E /* PBXTargetDependency */ = {
			isa = PBXTargetDependency;
			name = CrossApp;
			targetProxy = 04EAA0401956D15000198A8E /* PBXContainerItemProxy */;
		};
/* End PBXTargetDependency section */

/* Begin PBXVariantGroup section */
		41BC70DC15BF81A5006A0A6C /* InfoPlist.strings */ = {
			isa = PBXVariantGroup;
			children = (
				41BC70DD15BF81A5006A0A6C /* en */,
			);
			name = InfoPlist.strings;
			sourceTree = "<group>";
		};
		41BC70DE15BF81A5006A0A6C /* MainMenu.xib */ = {
			isa = PBXVariantGroup;
			children = (
				41BC70DF15BF81A5006A0A6C /* en */,
			);
			name = MainMenu.xib;
			sourceTree = "<group>";
		};
/* End PBXVariantGroup section */

/* Begin XCBuildConfiguration section */
		1D6058940D05DD3E006BFB54 /* Debug */ = {
			isa = XCBuildConfiguration;
			buildSettings = {
				ALWAYS_SEARCH_USER_PATHS = NO;
				CODE_SIGN_IDENTITY = "";
				"CODE_SIGN_IDENTITY[sdk=iphoneos*]" = "";
				COPY_PHASE_STRIP = NO;
				GCC_DYNAMIC_NO_PIC = NO;
				GCC_INLINES_ARE_PRIVATE_EXTERN = NO;
				GCC_OPTIMIZATION_LEVEL = 0;
				GCC_PRECOMPILE_PREFIX_HEADER = YES;
				GCC_PREFIX_HEADER = Prefix.pch;
				GCC_PREPROCESSOR_DEFINITIONS = (
					USE_FILE32API,
					CC_TARGET_OS_MAC,
					"CROSSAPP_DEBUG=0",
					CC_ENABLE_CHIPMUNK_INTEGRATION,
				);
				GCC_SYMBOLS_PRIVATE_EXTERN = NO;
				GCC_VERSION = "";
				HEADER_SEARCH_PATHS = (
					"$(SRCROOT)/../../../CocosDenshion/include",
					"\"$(SRCROOT)/../../../CrossApp/kazmath/include\"",
					"\"$(SRCROOT)/../../../extensions\"",
					"\"$(SRCROOT)/../../../external\"",
					"\"$(SRCROOT)/../../../CrossApp\"",
					"\"$(SRCROOT)/../../../CrossApp/platform/mac\"",
					"\"$(SRCROOT)/../../../Classes\"",
				);
				INFOPLIST_FILE = Info.plist;
				LIBRARY_SEARCH_PATHS = "\"$(SRCROOT)/../../../CrossApp/platform/third_party/mac/libraries\"";
				MACOSX_DEPLOYMENT_TARGET = 10.6;
				OTHER_CFLAGS = "-O2";
				PRODUCT_NAME = HelloCpp;
				SDKROOT = macosx10.8;
				USER_HEADER_SEARCH_PATHS = "";
				VALID_ARCHS = "i386 x86_64";
			};
			name = Debug;
		};
		1D6058950D05DD3E006BFB54 /* Release */ = {
			isa = XCBuildConfiguration;
			buildSettings = {
				ALWAYS_SEARCH_USER_PATHS = NO;
				CODE_SIGN_IDENTITY = "";
				"CODE_SIGN_IDENTITY[sdk=iphoneos*]" = "";
				COPY_PHASE_STRIP = YES;
				GCC_INLINES_ARE_PRIVATE_EXTERN = NO;
				GCC_OPTIMIZATION_LEVEL = 0;
				GCC_PRECOMPILE_PREFIX_HEADER = YES;
				GCC_PREFIX_HEADER = Prefix.pch;
				GCC_PREPROCESSOR_DEFINITIONS = (
					CC_TARGET_OS_MAC,
					USE_FILE32API,
					CC_ENABLE_CHIPMUNK_INTEGRATION,
				);
				GCC_SYMBOLS_PRIVATE_EXTERN = NO;
				GCC_VERSION = "";
				HEADER_SEARCH_PATHS = (
					"$(SRCROOT)/../../../CocosDenshion/include",
					"\"$(SRCROOT)/../../../CrossApp/kazmath/include\"",
					"\"$(SRCROOT)/../../../extensions\"",
					"\"$(SRCROOT)/../../../external\"",
					"\"$(SRCROOT)/../../../CrossApp\"",
					"\"$(SRCROOT)/../../../CrossApp/platform/mac\"",
					"\"$(SRCROOT)/../../../Classes\"",
				);
				INFOPLIST_FILE = Info.plist;
				LIBRARY_SEARCH_PATHS = "\"$(SRCROOT)/../../../CrossApp/platform/third_party/mac/libraries\"";
				MACOSX_DEPLOYMENT_TARGET = 10.6;
				PRODUCT_NAME = HelloCpp;
				SDKROOT = macosx10.8;
				USER_HEADER_SEARCH_PATHS = "";
				VALIDATE_PRODUCT = YES;
				VALID_ARCHS = "i386 x86_64";
			};
			name = Release;
		};
		C01FCF4F08A954540054247B /* Debug */ = {
			isa = XCBuildConfiguration;
			buildSettings = {
				ARCHS = "$(ARCHS_STANDARD_32_64_BIT)";
				GCC_C_LANGUAGE_STANDARD = c99;
				GCC_VERSION = "";
				GCC_WARN_ABOUT_RETURN_TYPE = YES;
				GCC_WARN_UNUSED_VARIABLE = YES;
				SDKROOT = macosx10.8;
				VALID_ARCHS = "x86_64 i386";
			};
			name = Debug;
		};
		C01FCF5008A954540054247B /* Release */ = {
			isa = XCBuildConfiguration;
			buildSettings = {
				ARCHS = "$(ARCHS_STANDARD_32_64_BIT)";
				GCC_C_LANGUAGE_STANDARD = c99;
				GCC_VERSION = "";
				GCC_WARN_ABOUT_RETURN_TYPE = YES;
				GCC_WARN_UNUSED_VARIABLE = YES;
				OTHER_CFLAGS = "-DNS_BLOCK_ASSERTIONS=1";
				SDKROOT = macosx10.8;
				VALID_ARCHS = "x86_64 i386";
			};
			name = Release;
		};
/* End XCBuildConfiguration section */

/* Begin XCConfigurationList section */
		1D6058960D05DD3E006BFB54 /* Build configuration list for PBXNativeTarget "HelloCpp" */ = {
			isa = XCConfigurationList;
			buildConfigurations = (
				1D6058940D05DD3E006BFB54 /* Debug */,
				1D6058950D05DD3E006BFB54 /* Release */,
			);
			defaultConfigurationIsVisible = 0;
			defaultConfigurationName = Debug;
		};
		C01FCF4E08A954540054247B /* Build configuration list for PBXProject "HelloCpp" */ = {
			isa = XCConfigurationList;
			buildConfigurations = (
				C01FCF4F08A954540054247B /* Debug */,
				C01FCF5008A954540054247B /* Release */,
			);
			defaultConfigurationIsVisible = 0;
			defaultConfigurationName = Debug;
		};
/* End XCConfigurationList section */
	};
	rootObject = 29B97313FDCFA39411CA2CEA /* Project object */;
}
